// !$*UTF8*$!
{
	archiveVersion = 1;
	classes = {
	};
	objectVersion = 46;
	objects = {

/* Begin PBXBuildFile section */
		6612626917AB7B0C0047AA9B /* QuartzCore.framework in Frameworks */ = {isa = PBXBuildFile; fileRef = 6612626817AB7B0C0047AA9B /* QuartzCore.framework */; };
		6613011B17C1FA8B00903CA8 /* Settings.bundle in Resources */ = {isa = PBXBuildFile; fileRef = 6613011A17C1FA8B00903CA8 /* Settings.bundle */; };
		6632DF5D181AC2AD00A8EA03 /* HAMEditableGridViewTool.m in Sources */ = {isa = PBXBuildFile; fileRef = 6632DF5C181AC2AD00A8EA03 /* HAMEditableGridViewTool.m */; };
		6650B2D917D5D1D200770C25 /* citiao.png in Resources */ = {isa = PBXBuildFile; fileRef = 6650B2D617D5D1D100770C25 /* citiao.png */; };
		6650B2DA17D5D1D200770C25 /* fenlei.png in Resources */ = {isa = PBXBuildFile; fileRef = 6650B2D717D5D1D100770C25 /* fenlei.png */; };
		6650B2DB17D5D1D200770C25 /* quanbu.png in Resources */ = {isa = PBXBuildFile; fileRef = 6650B2D817D5D1D200770C25 /* quanbu.png */; };
		6650B2E117D5D60000770C25 /* icon1.png in Resources */ = {isa = PBXBuildFile; fileRef = 6650B2E017D5D60000770C25 /* icon1.png */; };
		6650B2E317D5D60A00770C25 /* icon1_retina.png in Resources */ = {isa = PBXBuildFile; fileRef = 6650B2E217D5D60A00770C25 /* icon1_retina.png */; };
		6650B2E517D5D6C500770C25 /* nopic.png in Resources */ = {isa = PBXBuildFile; fileRef = 6650B2E417D5D6C500770C25 /* nopic.png */; };
		6653A59F179E75E900A405B0 /* HAMSettingsViewController.m in Sources */ = {isa = PBXBuildFile; fileRef = 6653A59D179E75E900A405B0 /* HAMSettingsViewController.m */; };
		6653A5A4179E894B00A405B0 /* HAMFileTools.m in Sources */ = {isa = PBXBuildFile; fileRef = 6653A5A3179E894B00A405B0 /* HAMFileTools.m */; };
		66610493178BB04A003AEE3D /* UIKit.framework in Frameworks */ = {isa = PBXBuildFile; fileRef = 66610492178BB04A003AEE3D /* UIKit.framework */; };
		66610495178BB04A003AEE3D /* Foundation.framework in Frameworks */ = {isa = PBXBuildFile; fileRef = 66610494178BB04A003AEE3D /* Foundation.framework */; };
		66610497178BB04A003AEE3D /* CoreGraphics.framework in Frameworks */ = {isa = PBXBuildFile; fileRef = 66610496178BB04A003AEE3D /* CoreGraphics.framework */; };
		6661049D178BB04A003AEE3D /* InfoPlist.strings in Resources */ = {isa = PBXBuildFile; fileRef = 6661049B178BB04A003AEE3D /* InfoPlist.strings */; };
		6661049F178BB04A003AEE3D /* main.m in Sources */ = {isa = PBXBuildFile; fileRef = 6661049E178BB04A003AEE3D /* main.m */; };
		666104A3178BB04A003AEE3D /* HAMAppDelegate.m in Sources */ = {isa = PBXBuildFile; fileRef = 666104A2178BB04A003AEE3D /* HAMAppDelegate.m */; };
		666104A5178BB04A003AEE3D /* Default.png in Resources */ = {isa = PBXBuildFile; fileRef = 666104A4178BB04A003AEE3D /* Default.png */; };
		666104A7178BB04A003AEE3D /* Default@2x.png in Resources */ = {isa = PBXBuildFile; fileRef = 666104A6178BB04A003AEE3D /* Default@2x.png */; };
		666104A9178BB04A003AEE3D /* Default-568h@2x.png in Resources */ = {isa = PBXBuildFile; fileRef = 666104A8178BB04A003AEE3D /* Default-568h@2x.png */; };
		666104AC178BB04A003AEE3D /* HAMViewController.m in Sources */ = {isa = PBXBuildFile; fileRef = 666104AB178BB04A003AEE3D /* HAMViewController.m */; };
		666104AF178BB04A003AEE3D /* HAMViewController_iPhone.xib in Resources */ = {isa = PBXBuildFile; fileRef = 666104AD178BB04A003AEE3D /* HAMViewController_iPhone.xib */; };
		666104B2178BB04A003AEE3D /* HAMViewController_iPad.xib in Resources */ = {isa = PBXBuildFile; fileRef = 666104B0178BB04A003AEE3D /* HAMViewController_iPad.xib */; };
		667059241796A46900E3B156 /* AVFoundation.framework in Frameworks */ = {isa = PBXBuildFile; fileRef = 667059231796A46900E3B156 /* AVFoundation.framework */; };
		667E53BA17A6319A00BBDE35 /* HAMDBManager.m in Sources */ = {isa = PBXBuildFile; fileRef = 667E53B917A6319A00BBDE35 /* HAMDBManager.m */; };
		667E53BC17A633DC00BBDE35 /* libsqlite3.dylib in Frameworks */ = {isa = PBXBuildFile; fileRef = 667E53BB17A633DC00BBDE35 /* libsqlite3.dylib */; };
		667E53BF17A65BA600BBDE35 /* HAMCard.m in Sources */ = {isa = PBXBuildFile; fileRef = 667E53BE17A65BA600BBDE35 /* HAMCard.m */; };
		667E53C217A65C3100BBDE35 /* HAMResource.m in Sources */ = {isa = PBXBuildFile; fileRef = 667E53C117A65C3100BBDE35 /* HAMResource.m */; };
		6697BD96179F6FC2002E37E8 /* HAMStructureEditViewController.m in Sources */ = {isa = PBXBuildFile; fileRef = 6697BD94179F6FC2002E37E8 /* HAMStructureEditViewController.m */; };
		6697BD9B179F8092002E37E8 /* HAMGridViewTool.m in Sources */ = {isa = PBXBuildFile; fileRef = 6697BD9A179F8092002E37E8 /* HAMGridViewTool.m */; };
		6697BD9E179F906F002E37E8 /* HAMViewInfo.m in Sources */ = {isa = PBXBuildFile; fileRef = 6697BD9D179F906F002E37E8 /* HAMViewInfo.m */; };
		6697BDA3179FB33A002E37E8 /* HAMStructureEditView.xib in Resources */ = {isa = PBXBuildFile; fileRef = 6697BDA2179FB33A002E37E8 /* HAMStructureEditView.xib */; };
		6697BDA6179FB65E002E37E8 /* HAMViewTool.m in Sources */ = {isa = PBXBuildFile; fileRef = 6697BDA5179FB65E002E37E8 /* HAMViewTool.m */; };
		6697BDB2179FD7C0002E37E8 /* HAMCategorySelectorViewController.m in Sources */ = {isa = PBXBuildFile; fileRef = 6697BDB0179FD7C0002E37E8 /* HAMCategorySelectorViewController.m */; };
		66AF428117A7979E0053D560 /* HAMTools.m in Sources */ = {isa = PBXBuildFile; fileRef = 66AF428017A7979E0053D560 /* HAMTools.m */; };
		66CC303817B8DA3A008078A9 /* HAMUser.m in Sources */ = {isa = PBXBuildFile; fileRef = 66CC303717B8DA3A008078A9 /* HAMUser.m */; };
		66CC303D17B8FD23008078A9 /* HAMUserManager.m in Sources */ = {isa = PBXBuildFile; fileRef = 66CC303C17B8FD23008078A9 /* HAMUserManager.m */; };
		66CC961817B4BDE700DB3A57 /* SystemConfiguration.framework in Frameworks */ = {isa = PBXBuildFile; fileRef = 66CC961717B4BDE700DB3A57 /* SystemConfiguration.framework */; };
		66CC961C17B4BFB900DB3A57 /* HAMSyncViewController.m in Sources */ = {isa = PBXBuildFile; fileRef = 66CC961A17B4BFB900DB3A57 /* HAMSyncViewController.m */; };
		66CC961D17B4BFB900DB3A57 /* HAMSyncViewController.xib in Resources */ = {isa = PBXBuildFile; fileRef = 66CC961B17B4BFB900DB3A57 /* HAMSyncViewController.xib */; };
		66CC962017B4C30400DB3A57 /* Reachability.m in Sources */ = {isa = PBXBuildFile; fileRef = 66CC961F17B4C30300DB3A57 /* Reachability.m */; };
		66CC962317B4E7AD00DB3A57 /* HAMWebTool.m in Sources */ = {isa = PBXBuildFile; fileRef = 66CC962217B4E7AD00DB3A57 /* HAMWebTool.m */; };
		66D1EDEA182DFDD6008F65E5 /* HAMRoom.m in Sources */ = {isa = PBXBuildFile; fileRef = 66D1EDE9182DFDD6008F65E5 /* HAMRoom.m */; };
		66D7E6BF17A0D19B00CB122D /* HAMConfig.m in Sources */ = {isa = PBXBuildFile; fileRef = 66D7E6BE17A0D19A00CB122D /* HAMConfig.m */; };
		66E66BD117A8FD4200F6177B /* bg.png in Resources */ = {isa = PBXBuildFile; fileRef = 66E66BD017A8FD4100F6177B /* bg.png */; };
		66E66BD317A90A9F00F6177B /* card.png in Resources */ = {isa = PBXBuildFile; fileRef = 66E66BD217A90A9F00F6177B /* card.png */; };
		66E66BD517A90AA200F6177B /* category.png in Resources */ = {isa = PBXBuildFile; fileRef = 66E66BD417A90AA200F6177B /* category.png */; };
		66E66BD717A9168E00F6177B /* CoreAudio.framework in Frameworks */ = {isa = PBXBuildFile; fileRef = 66E66BD617A9168D00F6177B /* CoreAudio.framework */; };
		66F9754917B799A300F94CAF /* HAMUserViewController.m in Sources */ = {isa = PBXBuildFile; fileRef = 66F9754717B799A300F94CAF /* HAMUserViewController.m */; };
		66F9754A17B799A300F94CAF /* HAMUserViewController.xib in Resources */ = {isa = PBXBuildFile; fileRef = 66F9754817B799A300F94CAF /* HAMUserViewController.xib */; };
		8E0728681835FEA700E538FB /* HAMCategoryEditorViewController.m in Sources */ = {isa = PBXBuildFile; fileRef = 8E0728661835FEA700E538FB /* HAMCategoryEditorViewController.m */; };
		8E0728691835FEA700E538FB /* HAMCategoryEditorViewController.xib in Resources */ = {isa = PBXBuildFile; fileRef = 8E0728671835FEA700E538FB /* HAMCategoryEditorViewController.xib */; };
		8E07286D183609A100E538FB /* HAMCardEditorViewController.m in Sources */ = {isa = PBXBuildFile; fileRef = 8E07286B183609A100E538FB /* HAMCardEditorViewController.m */; };
		8E07286E183609A100E538FB /* HAMCardEditorViewController.xib in Resources */ = {isa = PBXBuildFile; fileRef = 8E07286C183609A100E538FB /* HAMCardEditorViewController.xib */; };
		8E0728721836202B00E538FB /* HAMRecorderViewController.m in Sources */ = {isa = PBXBuildFile; fileRef = 8E0728701836202B00E538FB /* HAMRecorderViewController.m */; };
		8E0728731836202B00E538FB /* HAMRecorderViewController.xib in Resources */ = {isa = PBXBuildFile; fileRef = 8E0728711836202B00E538FB /* HAMRecorderViewController.xib */; };
		8E56261218335ADD00351EA2 /* unselected.png in Resources */ = {isa = PBXBuildFile; fileRef = 8E56261018335ADD00351EA2 /* unselected.png */; };
		8E56261318335ADD00351EA2 /* selected.png in Resources */ = {isa = PBXBuildFile; fileRef = 8E56261118335ADD00351EA2 /* selected.png */; };
		8E5626151833654900351EA2 /* add.png in Resources */ = {isa = PBXBuildFile; fileRef = 8E5626141833654900351EA2 /* add.png */; };
		8EAF0A5B1834771900FE94C6 /* edit.png in Resources */ = {isa = PBXBuildFile; fileRef = 8EAF0A5A1834771900FE94C6 /* edit.png */; };
		8EB892FC1818F9D4001322F2 /* HAMGridCell.m in Sources */ = {isa = PBXBuildFile; fileRef = 8EB892FB1818F9D4001322F2 /* HAMGridCell.m */; };
		8ECB04FB183A428600EA506C /* HAMAnimation.m in Sources */ = {isa = PBXBuildFile; fileRef = 8ECB04FA183A428600EA506C /* HAMAnimation.m */; };
		8ECB0518183A499900EA506C /* QBAnimationGroup.m in Sources */ = {isa = PBXBuildFile; fileRef = 8ECB050F183A499900EA506C /* QBAnimationGroup.m */; };
		8ECB0519183A499900EA506C /* QBAnimationItem.m in Sources */ = {isa = PBXBuildFile; fileRef = 8ECB0511183A499900EA506C /* QBAnimationItem.m */; };
		8ECB051A183A499900EA506C /* QBAnimationSequence-Info.plist in Resources */ = {isa = PBXBuildFile; fileRef = 8ECB0512183A499900EA506C /* QBAnimationSequence-Info.plist */; };
		8ECB051B183A499900EA506C /* QBAnimationSequence.m in Sources */ = {isa = PBXBuildFile; fileRef = 8ECB0515183A499900EA506C /* QBAnimationSequence.m */; };
		8ECB051C183A499900EA506C /* RotateAnimation.m in Sources */ = {isa = PBXBuildFile; fileRef = 8ECB0517183A499900EA506C /* RotateAnimation.m */; };
		8EE7A2E41822361A007356B1 /* HAMCardSelectorViewController.m in Sources */ = {isa = PBXBuildFile; fileRef = 8EE7A2DE1822361A007356B1 /* HAMCardSelectorViewController.m */; };
		8EE7A2E61822361A007356B1 /* HAMConstants.m in Sources */ = {isa = PBXBuildFile; fileRef = 8EE7A2E11822361A007356B1 /* HAMConstants.m */; };
		8EE7A2E71822361A007356B1 /* HAMGridCell.xib in Resources */ = {isa = PBXBuildFile; fileRef = 8EE7A2E21822361A007356B1 /* HAMGridCell.xib */; };
		AB21255B184F750E00AF7F63 /* HAMPopoverBackgroundView.m in Sources */ = {isa = PBXBuildFile; fileRef = AB21255A184F750E00AF7F63 /* HAMPopoverBackgroundView.m */; };
		ABAB533E184D753E00BD8DAF /* cardBG.png in Resources */ = {isa = PBXBuildFile; fileRef = ABAB533C184D753E00BD8DAF /* cardBG.png */; };
		ABAB533F184D753E00BD8DAF /* classBG.png in Resources */ = {isa = PBXBuildFile; fileRef = ABAB533D184D753E00BD8DAF /* classBG.png */; };
		ABAB5341184D7A5800BD8DAF /* background.png in Resources */ = {isa = PBXBuildFile; fileRef = ABAB5340184D7A5800BD8DAF /* background.png */; };
		ABAB534A184D884F00BD8DAF /* HAMGridViewController.m in Sources */ = {isa = PBXBuildFile; fileRef = ABAB5348184D884F00BD8DAF /* HAMGridViewController.m */; };
		ABAB534B184D884F00BD8DAF /* HAMGridViewController.xib in Resources */ = {isa = PBXBuildFile; fileRef = ABAB5349184D884F00BD8DAF /* HAMGridViewController.xib */; };
		ABAB5385184E1C3400BD8DAF /* HAMImageCropperViewController.m in Sources */ = {isa = PBXBuildFile; fileRef = ABAB5383184E1C3400BD8DAF /* HAMImageCropperViewController.m */; };
		ABAB5386184E1C3400BD8DAF /* HAMImageCropperViewController.xib in Resources */ = {isa = PBXBuildFile; fileRef = ABAB5384184E1C3400BD8DAF /* HAMImageCropperViewController.xib */; };
		ABAB5389184EDA9800BD8DAF /* libMobClickLibrary.a in Frameworks */ = {isa = PBXBuildFile; fileRef = ABAB5387184EDA9800BD8DAF /* libMobClickLibrary.a */; };
		ABAB538B184EDACD00BD8DAF /* libz.dylib in Frameworks */ = {isa = PBXBuildFile; fileRef = ABAB538A184EDACD00BD8DAF /* libz.dylib */; };
		ABAB538E184EF6BF00BD8DAF /* addnew in Resources */ = {isa = PBXBuildFile; fileRef = ABAB538C184EF6BF00BD8DAF /* addnew */; };
		ABAB538F184EF6BF00BD8DAF /* back in Resources */ = {isa = PBXBuildFile; fileRef = ABAB538D184EF6BF00BD8DAF /* back */; };
		ABAB5392184F240400BD8DAF /* background2.png in Resources */ = {isa = PBXBuildFile; fileRef = ABAB5391184F240400BD8DAF /* background2.png */; };
		ABAB5394184F254B00BD8DAF /* addnewBG in Resources */ = {isa = PBXBuildFile; fileRef = ABAB5393184F254B00BD8DAF /* addnewBG */; };
		ABAB5396184F269100BD8DAF /* name in Resources */ = {isa = PBXBuildFile; fileRef = ABAB5395184F269100BD8DAF /* name */; };
		ABAB5398184F26F500BD8DAF /* next in Resources */ = {isa = PBXBuildFile; fileRef = ABAB5397184F26F500BD8DAF /* next */; };
		ABAB539C184F273900BD8DAF /* album in Resources */ = {isa = PBXBuildFile; fileRef = ABAB5399184F273900BD8DAF /* album */; };
		ABAB539D184F273900BD8DAF /* camera in Resources */ = {isa = PBXBuildFile; fileRef = ABAB539A184F273900BD8DAF /* camera */; };
		ABAB539E184F273900BD8DAF /* choose in Resources */ = {isa = PBXBuildFile; fileRef = ABAB539B184F273900BD8DAF /* choose */; };
		ABAB53A0184F27DF00BD8DAF /* cancel in Resources */ = {isa = PBXBuildFile; fileRef = ABAB539F184F27DF00BD8DAF /* cancel */; };
		ABAB53A2184F285800BD8DAF /* logo in Resources */ = {isa = PBXBuildFile; fileRef = ABAB53A1184F285800BD8DAF /* logo */; };
		ABAB53A8184F28F300BD8DAF /* delete in Resources */ = {isa = PBXBuildFile; fileRef = ABAB53A3184F28F300BD8DAF /* delete */; };
		ABAB53A9184F28F300BD8DAF /* play in Resources */ = {isa = PBXBuildFile; fileRef = ABAB53A4184F28F300BD8DAF /* play */; };
		ABAB53AA184F28F300BD8DAF /* previous in Resources */ = {isa = PBXBuildFile; fileRef = ABAB53A5184F28F300BD8DAF /* previous */; };
		ABAB53AB184F28F300BD8DAF /* record in Resources */ = {isa = PBXBuildFile; fileRef = ABAB53A6184F28F300BD8DAF /* record */; };
		ABAB53AC184F28F300BD8DAF /* recordDOWN in Resources */ = {isa = PBXBuildFile; fileRef = ABAB53A7184F28F300BD8DAF /* recordDOWN */; };
/* End PBXBuildFile section */

/* Begin PBXFileReference section */
		6612626817AB7B0C0047AA9B /* QuartzCore.framework */ = {isa = PBXFileReference; lastKnownFileType = wrapper.framework; name = QuartzCore.framework; path = System/Library/Frameworks/QuartzCore.framework; sourceTree = SDKROOT; };
		6613011A17C1FA8B00903CA8 /* Settings.bundle */ = {isa = PBXFileReference; lastKnownFileType = "wrapper.plug-in"; path = Settings.bundle; sourceTree = "<group>"; };
		6632DF5B181AC2AD00A8EA03 /* HAMEditableGridViewTool.h */ = {isa = PBXFileReference; fileEncoding = 4; lastKnownFileType = sourcecode.c.h; name = HAMEditableGridViewTool.h; path = utils/HAMEditableGridViewTool.h; sourceTree = "<group>"; };
		6632DF5C181AC2AD00A8EA03 /* HAMEditableGridViewTool.m */ = {isa = PBXFileReference; fileEncoding = 4; lastKnownFileType = sourcecode.c.objc; name = HAMEditableGridViewTool.m; path = utils/HAMEditableGridViewTool.m; sourceTree = "<group>"; };
		6650B2D117D5CB3D00770C25 /* iosapp.entitlements */ = {isa = PBXFileReference; lastKnownFileType = text.xml; path = iosapp.entitlements; sourceTree = "<group>"; };
		6650B2D617D5D1D100770C25 /* citiao.png */ = {isa = PBXFileReference; lastKnownFileType = image.png; path = citiao.png; sourceTree = "<group>"; };
		6650B2D717D5D1D100770C25 /* fenlei.png */ = {isa = PBXFileReference; lastKnownFileType = image.png; path = fenlei.png; sourceTree = "<group>"; };
		6650B2D817D5D1D200770C25 /* quanbu.png */ = {isa = PBXFileReference; lastKnownFileType = image.png; path = quanbu.png; sourceTree = "<group>"; };
		6650B2E017D5D60000770C25 /* icon1.png */ = {isa = PBXFileReference; lastKnownFileType = image.png; name = icon1.png; path = ../icon1.png; sourceTree = "<group>"; };
		6650B2E217D5D60A00770C25 /* icon1_retina.png */ = {isa = PBXFileReference; lastKnownFileType = image.png; name = icon1_retina.png; path = ../icon1_retina.png; sourceTree = "<group>"; };
		6650B2E417D5D6C500770C25 /* nopic.png */ = {isa = PBXFileReference; lastKnownFileType = image.png; path = nopic.png; sourceTree = "<group>"; };
		6653A59C179E75E900A405B0 /* HAMSettingsViewController.h */ = {isa = PBXFileReference; fileEncoding = 4; lastKnownFileType = sourcecode.c.h; path = HAMSettingsViewController.h; sourceTree = "<group>"; };
		6653A59D179E75E900A405B0 /* HAMSettingsViewController.m */ = {isa = PBXFileReference; fileEncoding = 4; lastKnownFileType = sourcecode.c.objc; path = HAMSettingsViewController.m; sourceTree = "<group>"; };
		6653A5A2179E894B00A405B0 /* HAMFileTools.h */ = {isa = PBXFileReference; fileEncoding = 4; lastKnownFileType = sourcecode.c.h; name = HAMFileTools.h; path = utils/HAMFileTools.h; sourceTree = "<group>"; };
		6653A5A3179E894B00A405B0 /* HAMFileTools.m */ = {isa = PBXFileReference; fileEncoding = 4; lastKnownFileType = sourcecode.c.objc; name = HAMFileTools.m; path = utils/HAMFileTools.m; sourceTree = "<group>"; };
		6661048F178BB04A003AEE3D /* 小雨滴儿童版.app */ = {isa = PBXFileReference; explicitFileType = wrapper.application; includeInIndex = 0; path = "小雨滴儿童版.app"; sourceTree = BUILT_PRODUCTS_DIR; };
		66610492178BB04A003AEE3D /* UIKit.framework */ = {isa = PBXFileReference; lastKnownFileType = wrapper.framework; name = UIKit.framework; path = System/Library/Frameworks/UIKit.framework; sourceTree = SDKROOT; };
		66610494178BB04A003AEE3D /* Foundation.framework */ = {isa = PBXFileReference; lastKnownFileType = wrapper.framework; name = Foundation.framework; path = System/Library/Frameworks/Foundation.framework; sourceTree = SDKROOT; };
		66610496178BB04A003AEE3D /* CoreGraphics.framework */ = {isa = PBXFileReference; lastKnownFileType = wrapper.framework; name = CoreGraphics.framework; path = System/Library/Frameworks/CoreGraphics.framework; sourceTree = SDKROOT; };
		6661049A178BB04A003AEE3D /* iosapp-Info.plist */ = {isa = PBXFileReference; lastKnownFileType = text.plist.xml; path = "iosapp-Info.plist"; sourceTree = "<group>"; };
		6661049C178BB04A003AEE3D /* en */ = {isa = PBXFileReference; lastKnownFileType = text.plist.strings; name = en; path = en.lproj/InfoPlist.strings; sourceTree = "<group>"; };
		6661049E178BB04A003AEE3D /* main.m */ = {isa = PBXFileReference; lastKnownFileType = sourcecode.c.objc; path = main.m; sourceTree = "<group>"; };
		666104A0178BB04A003AEE3D /* iosapp-Prefix.pch */ = {isa = PBXFileReference; lastKnownFileType = sourcecode.c.h; path = "iosapp-Prefix.pch"; sourceTree = "<group>"; };
		666104A1178BB04A003AEE3D /* HAMAppDelegate.h */ = {isa = PBXFileReference; lastKnownFileType = sourcecode.c.h; path = HAMAppDelegate.h; sourceTree = "<group>"; };
		666104A2178BB04A003AEE3D /* HAMAppDelegate.m */ = {isa = PBXFileReference; lastKnownFileType = sourcecode.c.objc; path = HAMAppDelegate.m; sourceTree = "<group>"; };
		666104A4178BB04A003AEE3D /* Default.png */ = {isa = PBXFileReference; lastKnownFileType = image.png; path = Default.png; sourceTree = "<group>"; };
		666104A6178BB04A003AEE3D /* Default@2x.png */ = {isa = PBXFileReference; lastKnownFileType = image.png; path = "Default@2x.png"; sourceTree = "<group>"; };
		666104A8178BB04A003AEE3D /* Default-568h@2x.png */ = {isa = PBXFileReference; lastKnownFileType = image.png; path = "Default-568h@2x.png"; sourceTree = "<group>"; };
		666104AA178BB04A003AEE3D /* HAMViewController.h */ = {isa = PBXFileReference; lastKnownFileType = sourcecode.c.h; path = HAMViewController.h; sourceTree = "<group>"; };
		666104AB178BB04A003AEE3D /* HAMViewController.m */ = {isa = PBXFileReference; lastKnownFileType = sourcecode.c.objc; path = HAMViewController.m; sourceTree = "<group>"; };
		666104AE178BB04A003AEE3D /* en */ = {isa = PBXFileReference; lastKnownFileType = file.xib; name = en; path = en.lproj/HAMViewController_iPhone.xib; sourceTree = "<group>"; };
		666104B1178BB04A003AEE3D /* en */ = {isa = PBXFileReference; lastKnownFileType = file.xib; name = en; path = en.lproj/HAMViewController_iPad.xib; sourceTree = "<group>"; };
		667059231796A46900E3B156 /* AVFoundation.framework */ = {isa = PBXFileReference; lastKnownFileType = wrapper.framework; name = AVFoundation.framework; path = System/Library/Frameworks/AVFoundation.framework; sourceTree = SDKROOT; };
		667E53B817A6319A00BBDE35 /* HAMDBManager.h */ = {isa = PBXFileReference; fileEncoding = 4; lastKnownFileType = sourcecode.c.h; name = HAMDBManager.h; path = utils/HAMDBManager.h; sourceTree = "<group>"; };
		667E53B917A6319A00BBDE35 /* HAMDBManager.m */ = {isa = PBXFileReference; fileEncoding = 4; lastKnownFileType = sourcecode.c.objc; name = HAMDBManager.m; path = utils/HAMDBManager.m; sourceTree = "<group>"; };
		667E53BB17A633DC00BBDE35 /* libsqlite3.dylib */ = {isa = PBXFileReference; lastKnownFileType = "compiled.mach-o.dylib"; name = libsqlite3.dylib; path = usr/lib/libsqlite3.dylib; sourceTree = SDKROOT; };
		667E53BD17A65BA600BBDE35 /* HAMCard.h */ = {isa = PBXFileReference; fileEncoding = 4; lastKnownFileType = sourcecode.c.h; name = HAMCard.h; path = datastructure/HAMCard.h; sourceTree = "<group>"; };
		667E53BE17A65BA600BBDE35 /* HAMCard.m */ = {isa = PBXFileReference; fileEncoding = 4; lastKnownFileType = sourcecode.c.objc; name = HAMCard.m; path = datastructure/HAMCard.m; sourceTree = "<group>"; };
		667E53C017A65C3100BBDE35 /* HAMResource.h */ = {isa = PBXFileReference; fileEncoding = 4; lastKnownFileType = sourcecode.c.h; name = HAMResource.h; path = datastructure/HAMResource.h; sourceTree = "<group>"; };
		667E53C117A65C3100BBDE35 /* HAMResource.m */ = {isa = PBXFileReference; fileEncoding = 4; lastKnownFileType = sourcecode.c.objc; name = HAMResource.m; path = datastructure/HAMResource.m; sourceTree = "<group>"; };
		6697BD93179F6FC2002E37E8 /* HAMStructureEditViewController.h */ = {isa = PBXFileReference; fileEncoding = 4; lastKnownFileType = sourcecode.c.h; name = HAMStructureEditViewController.h; path = settings/HAMStructureEditViewController.h; sourceTree = "<group>"; };
		6697BD94179F6FC2002E37E8 /* HAMStructureEditViewController.m */ = {isa = PBXFileReference; fileEncoding = 4; lastKnownFileType = sourcecode.c.objc; name = HAMStructureEditViewController.m; path = settings/HAMStructureEditViewController.m; sourceTree = "<group>"; };
		6697BD99179F8092002E37E8 /* HAMGridViewTool.h */ = {isa = PBXFileReference; fileEncoding = 4; lastKnownFileType = sourcecode.c.h; name = HAMGridViewTool.h; path = utils/HAMGridViewTool.h; sourceTree = "<group>"; };
		6697BD9A179F8092002E37E8 /* HAMGridViewTool.m */ = {isa = PBXFileReference; fileEncoding = 4; lastKnownFileType = sourcecode.c.objc; name = HAMGridViewTool.m; path = utils/HAMGridViewTool.m; sourceTree = "<group>"; };
		6697BD9C179F906F002E37E8 /* HAMViewInfo.h */ = {isa = PBXFileReference; fileEncoding = 4; lastKnownFileType = sourcecode.c.h; name = HAMViewInfo.h; path = datastructure/HAMViewInfo.h; sourceTree = "<group>"; };
		6697BD9D179F906F002E37E8 /* HAMViewInfo.m */ = {isa = PBXFileReference; fileEncoding = 4; lastKnownFileType = sourcecode.c.objc; name = HAMViewInfo.m; path = datastructure/HAMViewInfo.m; sourceTree = "<group>"; };
		6697BDA2179FB33A002E37E8 /* HAMStructureEditView.xib */ = {isa = PBXFileReference; fileEncoding = 4; lastKnownFileType = file.xib; path = HAMStructureEditView.xib; sourceTree = "<group>"; };
		6697BDA4179FB65E002E37E8 /* HAMViewTool.h */ = {isa = PBXFileReference; fileEncoding = 4; lastKnownFileType = sourcecode.c.h; name = HAMViewTool.h; path = utils/HAMViewTool.h; sourceTree = "<group>"; };
		6697BDA5179FB65E002E37E8 /* HAMViewTool.m */ = {isa = PBXFileReference; fileEncoding = 4; lastKnownFileType = sourcecode.c.objc; name = HAMViewTool.m; path = utils/HAMViewTool.m; sourceTree = "<group>"; };
		6697BDAF179FD7C0002E37E8 /* HAMCategorySelectorViewController.h */ = {isa = PBXFileReference; fileEncoding = 4; lastKnownFileType = sourcecode.c.h; name = HAMCategorySelectorViewController.h; path = settings/HAMCategorySelectorViewController.h; sourceTree = "<group>"; };
		6697BDB0179FD7C0002E37E8 /* HAMCategorySelectorViewController.m */ = {isa = PBXFileReference; fileEncoding = 4; lastKnownFileType = sourcecode.c.objc; name = HAMCategorySelectorViewController.m; path = settings/HAMCategorySelectorViewController.m; sourceTree = "<group>"; };
		66AF427F17A7979E0053D560 /* HAMTools.h */ = {isa = PBXFileReference; fileEncoding = 4; lastKnownFileType = sourcecode.c.h; name = HAMTools.h; path = utils/HAMTools.h; sourceTree = "<group>"; };
		66AF428017A7979E0053D560 /* HAMTools.m */ = {isa = PBXFileReference; fileEncoding = 4; lastKnownFileType = sourcecode.c.objc; name = HAMTools.m; path = utils/HAMTools.m; sourceTree = "<group>"; };
		66CC303617B8DA3A008078A9 /* HAMUser.h */ = {isa = PBXFileReference; fileEncoding = 4; lastKnownFileType = sourcecode.c.h; name = HAMUser.h; path = datastructure/HAMUser.h; sourceTree = "<group>"; };
		66CC303717B8DA3A008078A9 /* HAMUser.m */ = {isa = PBXFileReference; fileEncoding = 4; lastKnownFileType = sourcecode.c.objc; name = HAMUser.m; path = datastructure/HAMUser.m; sourceTree = "<group>"; };
		66CC303B17B8FD23008078A9 /* HAMUserManager.h */ = {isa = PBXFileReference; fileEncoding = 4; lastKnownFileType = sourcecode.c.h; name = HAMUserManager.h; path = managers/HAMUserManager.h; sourceTree = "<group>"; };
		66CC303C17B8FD23008078A9 /* HAMUserManager.m */ = {isa = PBXFileReference; fileEncoding = 4; lastKnownFileType = sourcecode.c.objc; name = HAMUserManager.m; path = managers/HAMUserManager.m; sourceTree = "<group>"; };
		66CC961717B4BDE700DB3A57 /* SystemConfiguration.framework */ = {isa = PBXFileReference; lastKnownFileType = wrapper.framework; name = SystemConfiguration.framework; path = System/Library/Frameworks/SystemConfiguration.framework; sourceTree = SDKROOT; };
		66CC961917B4BFB900DB3A57 /* HAMSyncViewController.h */ = {isa = PBXFileReference; fileEncoding = 4; lastKnownFileType = sourcecode.c.h; name = HAMSyncViewController.h; path = settings/HAMSyncViewController.h; sourceTree = "<group>"; };
		66CC961A17B4BFB900DB3A57 /* HAMSyncViewController.m */ = {isa = PBXFileReference; fileEncoding = 4; lastKnownFileType = sourcecode.c.objc; name = HAMSyncViewController.m; path = settings/HAMSyncViewController.m; sourceTree = "<group>"; };
		66CC961B17B4BFB900DB3A57 /* HAMSyncViewController.xib */ = {isa = PBXFileReference; fileEncoding = 4; lastKnownFileType = file.xib; name = HAMSyncViewController.xib; path = settings/HAMSyncViewController.xib; sourceTree = "<group>"; };
		66CC961E17B4C30300DB3A57 /* Reachability.h */ = {isa = PBXFileReference; fileEncoding = 4; lastKnownFileType = sourcecode.c.h; name = Reachability.h; path = ../Reachability.h; sourceTree = "<group>"; };
		66CC961F17B4C30300DB3A57 /* Reachability.m */ = {isa = PBXFileReference; fileEncoding = 4; lastKnownFileType = sourcecode.c.objc; name = Reachability.m; path = ../Reachability.m; sourceTree = "<group>"; };
		66CC962117B4E7AD00DB3A57 /* HAMWebTool.h */ = {isa = PBXFileReference; fileEncoding = 4; lastKnownFileType = sourcecode.c.h; name = HAMWebTool.h; path = utils/HAMWebTool.h; sourceTree = "<group>"; };
		66CC962217B4E7AD00DB3A57 /* HAMWebTool.m */ = {isa = PBXFileReference; fileEncoding = 4; lastKnownFileType = sourcecode.c.objc; name = HAMWebTool.m; path = utils/HAMWebTool.m; sourceTree = "<group>"; };
		66D1EDE8182DFDD6008F65E5 /* HAMRoom.h */ = {isa = PBXFileReference; fileEncoding = 4; lastKnownFileType = sourcecode.c.h; name = HAMRoom.h; path = datastructure/HAMRoom.h; sourceTree = "<group>"; };
		66D1EDE9182DFDD6008F65E5 /* HAMRoom.m */ = {isa = PBXFileReference; fileEncoding = 4; lastKnownFileType = sourcecode.c.objc; name = HAMRoom.m; path = datastructure/HAMRoom.m; sourceTree = "<group>"; };
		66D7E6BD17A0D19A00CB122D /* HAMConfig.h */ = {isa = PBXFileReference; fileEncoding = 4; lastKnownFileType = sourcecode.c.h; name = HAMConfig.h; path = managers/HAMConfig.h; sourceTree = "<group>"; };
		66D7E6BE17A0D19A00CB122D /* HAMConfig.m */ = {isa = PBXFileReference; fileEncoding = 4; lastKnownFileType = sourcecode.c.objc; name = HAMConfig.m; path = managers/HAMConfig.m; sourceTree = "<group>"; };
		66E66BD017A8FD4100F6177B /* bg.png */ = {isa = PBXFileReference; lastKnownFileType = image.png; path = bg.png; sourceTree = "<group>"; };
		66E66BD217A90A9F00F6177B /* card.png */ = {isa = PBXFileReference; lastKnownFileType = image.png; path = card.png; sourceTree = "<group>"; };
		66E66BD417A90AA200F6177B /* category.png */ = {isa = PBXFileReference; lastKnownFileType = image.png; path = category.png; sourceTree = "<group>"; };
		66E66BD617A9168D00F6177B /* CoreAudio.framework */ = {isa = PBXFileReference; lastKnownFileType = wrapper.framework; name = CoreAudio.framework; path = System/Library/Frameworks/CoreAudio.framework; sourceTree = SDKROOT; };
		66F9754617B799A300F94CAF /* HAMUserViewController.h */ = {isa = PBXFileReference; fileEncoding = 4; lastKnownFileType = sourcecode.c.h; name = HAMUserViewController.h; path = settings/HAMUserViewController.h; sourceTree = "<group>"; };
		66F9754717B799A300F94CAF /* HAMUserViewController.m */ = {isa = PBXFileReference; fileEncoding = 4; lastKnownFileType = sourcecode.c.objc; name = HAMUserViewController.m; path = settings/HAMUserViewController.m; sourceTree = "<group>"; };
		66F9754817B799A300F94CAF /* HAMUserViewController.xib */ = {isa = PBXFileReference; fileEncoding = 4; lastKnownFileType = file.xib; name = HAMUserViewController.xib; path = settings/HAMUserViewController.xib; sourceTree = "<group>"; };
		8E0728651835FEA700E538FB /* HAMCategoryEditorViewController.h */ = {isa = PBXFileReference; fileEncoding = 4; lastKnownFileType = sourcecode.c.h; name = HAMCategoryEditorViewController.h; path = settings/HAMCategoryEditorViewController.h; sourceTree = "<group>"; };
		8E0728661835FEA700E538FB /* HAMCategoryEditorViewController.m */ = {isa = PBXFileReference; fileEncoding = 4; lastKnownFileType = sourcecode.c.objc; name = HAMCategoryEditorViewController.m; path = settings/HAMCategoryEditorViewController.m; sourceTree = "<group>"; };
		8E0728671835FEA700E538FB /* HAMCategoryEditorViewController.xib */ = {isa = PBXFileReference; fileEncoding = 4; lastKnownFileType = file.xib; name = HAMCategoryEditorViewController.xib; path = settings/HAMCategoryEditorViewController.xib; sourceTree = "<group>"; };
		8E07286A183609A100E538FB /* HAMCardEditorViewController.h */ = {isa = PBXFileReference; fileEncoding = 4; lastKnownFileType = sourcecode.c.h; name = HAMCardEditorViewController.h; path = settings/HAMCardEditorViewController.h; sourceTree = "<group>"; };
		8E07286B183609A100E538FB /* HAMCardEditorViewController.m */ = {isa = PBXFileReference; fileEncoding = 4; lastKnownFileType = sourcecode.c.objc; name = HAMCardEditorViewController.m; path = settings/HAMCardEditorViewController.m; sourceTree = "<group>"; };
		8E07286C183609A100E538FB /* HAMCardEditorViewController.xib */ = {isa = PBXFileReference; fileEncoding = 4; lastKnownFileType = file.xib; name = HAMCardEditorViewController.xib; path = settings/HAMCardEditorViewController.xib; sourceTree = "<group>"; };
		8E07286F1836202B00E538FB /* HAMRecorderViewController.h */ = {isa = PBXFileReference; fileEncoding = 4; lastKnownFileType = sourcecode.c.h; name = HAMRecorderViewController.h; path = settings/HAMRecorderViewController.h; sourceTree = "<group>"; };
		8E0728701836202B00E538FB /* HAMRecorderViewController.m */ = {isa = PBXFileReference; fileEncoding = 4; lastKnownFileType = sourcecode.c.objc; name = HAMRecorderViewController.m; path = settings/HAMRecorderViewController.m; sourceTree = "<group>"; };
		8E0728711836202B00E538FB /* HAMRecorderViewController.xib */ = {isa = PBXFileReference; fileEncoding = 4; lastKnownFileType = file.xib; name = HAMRecorderViewController.xib; path = settings/HAMRecorderViewController.xib; sourceTree = "<group>"; };
		8E56261018335ADD00351EA2 /* unselected.png */ = {isa = PBXFileReference; lastKnownFileType = image.png; path = unselected.png; sourceTree = "<group>"; };
		8E56261118335ADD00351EA2 /* selected.png */ = {isa = PBXFileReference; lastKnownFileType = image.png; path = selected.png; sourceTree = "<group>"; };
		8E5626141833654900351EA2 /* add.png */ = {isa = PBXFileReference; lastKnownFileType = image.png; path = add.png; sourceTree = "<group>"; };
		8EAF0A5A1834771900FE94C6 /* edit.png */ = {isa = PBXFileReference; lastKnownFileType = image.png; path = edit.png; sourceTree = "<group>"; };
		8EB892FA1818F9D4001322F2 /* HAMGridCell.h */ = {isa = PBXFileReference; fileEncoding = 4; lastKnownFileType = sourcecode.c.h; name = HAMGridCell.h; path = settings/HAMGridCell.h; sourceTree = "<group>"; };
		8EB892FB1818F9D4001322F2 /* HAMGridCell.m */ = {isa = PBXFileReference; fileEncoding = 4; lastKnownFileType = sourcecode.c.objc; name = HAMGridCell.m; path = settings/HAMGridCell.m; sourceTree = "<group>"; };
		8ECB04F9183A428600EA506C /* HAMAnimation.h */ = {isa = PBXFileReference; fileEncoding = 4; lastKnownFileType = sourcecode.c.h; name = HAMAnimation.h; path = utils/HAMAnimation.h; sourceTree = "<group>"; };
		8ECB04FA183A428600EA506C /* HAMAnimation.m */ = {isa = PBXFileReference; fileEncoding = 4; lastKnownFileType = sourcecode.c.objc; name = HAMAnimation.m; path = utils/HAMAnimation.m; sourceTree = "<group>"; };
		8ECB050E183A499900EA506C /* QBAnimationGroup.h */ = {isa = PBXFileReference; fileEncoding = 4; lastKnownFileType = sourcecode.c.h; path = QBAnimationGroup.h; sourceTree = "<group>"; };
		8ECB050F183A499900EA506C /* QBAnimationGroup.m */ = {isa = PBXFileReference; fileEncoding = 4; lastKnownFileType = sourcecode.c.objc; path = QBAnimationGroup.m; sourceTree = "<group>"; };
		8ECB0510183A499900EA506C /* QBAnimationItem.h */ = {isa = PBXFileReference; fileEncoding = 4; lastKnownFileType = sourcecode.c.h; path = QBAnimationItem.h; sourceTree = "<group>"; };
		8ECB0511183A499900EA506C /* QBAnimationItem.m */ = {isa = PBXFileReference; fileEncoding = 4; lastKnownFileType = sourcecode.c.objc; path = QBAnimationItem.m; sourceTree = "<group>"; };
		8ECB0512183A499900EA506C /* QBAnimationSequence-Info.plist */ = {isa = PBXFileReference; fileEncoding = 4; lastKnownFileType = text.plist.xml; path = "QBAnimationSequence-Info.plist"; sourceTree = "<group>"; };
		8ECB0513183A499900EA506C /* QBAnimationSequence-Prefix.pch */ = {isa = PBXFileReference; fileEncoding = 4; lastKnownFileType = sourcecode.c.h; path = "QBAnimationSequence-Prefix.pch"; sourceTree = "<group>"; };
		8ECB0514183A499900EA506C /* QBAnimationSequence.h */ = {isa = PBXFileReference; fileEncoding = 4; lastKnownFileType = sourcecode.c.h; path = QBAnimationSequence.h; sourceTree = "<group>"; };
		8ECB0515183A499900EA506C /* QBAnimationSequence.m */ = {isa = PBXFileReference; fileEncoding = 4; lastKnownFileType = sourcecode.c.objc; path = QBAnimationSequence.m; sourceTree = "<group>"; };
		8ECB0516183A499900EA506C /* RotateAnimation.h */ = {isa = PBXFileReference; fileEncoding = 4; lastKnownFileType = sourcecode.c.h; path = RotateAnimation.h; sourceTree = "<group>"; };
		8ECB0517183A499900EA506C /* RotateAnimation.m */ = {isa = PBXFileReference; fileEncoding = 4; lastKnownFileType = sourcecode.c.objc; path = RotateAnimation.m; sourceTree = "<group>"; };
		8EE7A2DD1822361A007356B1 /* HAMCardSelectorViewController.h */ = {isa = PBXFileReference; fileEncoding = 4; lastKnownFileType = sourcecode.c.h; name = HAMCardSelectorViewController.h; path = settings/HAMCardSelectorViewController.h; sourceTree = "<group>"; };
		8EE7A2DE1822361A007356B1 /* HAMCardSelectorViewController.m */ = {isa = PBXFileReference; fileEncoding = 4; lastKnownFileType = sourcecode.c.objc; name = HAMCardSelectorViewController.m; path = settings/HAMCardSelectorViewController.m; sourceTree = "<group>"; };
		8EE7A2E01822361A007356B1 /* HAMConstants.h */ = {isa = PBXFileReference; fileEncoding = 4; lastKnownFileType = sourcecode.c.h; name = HAMConstants.h; path = settings/HAMConstants.h; sourceTree = "<group>"; };
		8EE7A2E11822361A007356B1 /* HAMConstants.m */ = {isa = PBXFileReference; fileEncoding = 4; lastKnownFileType = sourcecode.c.objc; name = HAMConstants.m; path = settings/HAMConstants.m; sourceTree = "<group>"; };
		8EE7A2E21822361A007356B1 /* HAMGridCell.xib */ = {isa = PBXFileReference; fileEncoding = 4; lastKnownFileType = file.xib; name = HAMGridCell.xib; path = settings/HAMGridCell.xib; sourceTree = "<group>"; };
		AB212559184F750E00AF7F63 /* HAMPopoverBackgroundView.h */ = {isa = PBXFileReference; fileEncoding = 4; lastKnownFileType = sourcecode.c.h; name = HAMPopoverBackgroundView.h; path = settings/HAMPopoverBackgroundView.h; sourceTree = "<group>"; };
		AB21255A184F750E00AF7F63 /* HAMPopoverBackgroundView.m */ = {isa = PBXFileReference; fileEncoding = 4; lastKnownFileType = sourcecode.c.objc; name = HAMPopoverBackgroundView.m; path = settings/HAMPopoverBackgroundView.m; sourceTree = "<group>"; };
		ABAB533C184D753E00BD8DAF /* cardBG.png */ = {isa = PBXFileReference; lastKnownFileType = image.png; path = cardBG.png; sourceTree = "<group>"; };
		ABAB533D184D753E00BD8DAF /* classBG.png */ = {isa = PBXFileReference; lastKnownFileType = image.png; path = classBG.png; sourceTree = "<group>"; };
		ABAB5340184D7A5800BD8DAF /* background.png */ = {isa = PBXFileReference; lastKnownFileType = image.png; path = background.png; sourceTree = "<group>"; };
		ABAB5347184D884F00BD8DAF /* HAMGridViewController.h */ = {isa = PBXFileReference; fileEncoding = 4; lastKnownFileType = sourcecode.c.h; name = HAMGridViewController.h; path = settings/HAMGridViewController.h; sourceTree = "<group>"; };
		ABAB5348184D884F00BD8DAF /* HAMGridViewController.m */ = {isa = PBXFileReference; fileEncoding = 4; lastKnownFileType = sourcecode.c.objc; name = HAMGridViewController.m; path = settings/HAMGridViewController.m; sourceTree = "<group>"; };
		ABAB5349184D884F00BD8DAF /* HAMGridViewController.xib */ = {isa = PBXFileReference; fileEncoding = 4; lastKnownFileType = file.xib; name = HAMGridViewController.xib; path = settings/HAMGridViewController.xib; sourceTree = "<group>"; };
		ABAB5382184E1C3400BD8DAF /* HAMImageCropperViewController.h */ = {isa = PBXFileReference; fileEncoding = 4; lastKnownFileType = sourcecode.c.h; name = HAMImageCropperViewController.h; path = settings/HAMImageCropperViewController.h; sourceTree = "<group>"; };
		ABAB5383184E1C3400BD8DAF /* HAMImageCropperViewController.m */ = {isa = PBXFileReference; fileEncoding = 4; lastKnownFileType = sourcecode.c.objc; name = HAMImageCropperViewController.m; path = settings/HAMImageCropperViewController.m; sourceTree = "<group>"; };
		ABAB5384184E1C3400BD8DAF /* HAMImageCropperViewController.xib */ = {isa = PBXFileReference; fileEncoding = 4; lastKnownFileType = file.xib; name = HAMImageCropperViewController.xib; path = settings/HAMImageCropperViewController.xib; sourceTree = "<group>"; };
		ABAB5387184EDA9800BD8DAF /* libMobClickLibrary.a */ = {isa = PBXFileReference; lastKnownFileType = archive.ar; path = libMobClickLibrary.a; sourceTree = "<group>"; };
		ABAB5388184EDA9800BD8DAF /* MobClick.h */ = {isa = PBXFileReference; fileEncoding = 4; lastKnownFileType = sourcecode.c.h; path = MobClick.h; sourceTree = "<group>"; };
		ABAB538A184EDACD00BD8DAF /* libz.dylib */ = {isa = PBXFileReference; lastKnownFileType = "compiled.mach-o.dylib"; name = libz.dylib; path = usr/lib/libz.dylib; sourceTree = SDKROOT; };
		ABAB538C184EF6BF00BD8DAF /* addnew */ = {isa = PBXFileReference; lastKnownFileType = file; name = addnew; path = "../../../../Downloads/20131204 素材库/addnew"; sourceTree = "<group>"; };
		ABAB538D184EF6BF00BD8DAF /* back */ = {isa = PBXFileReference; lastKnownFileType = file; name = back; path = "../../../../Downloads/20131204 素材库/back"; sourceTree = "<group>"; };
		ABAB5391184F240400BD8DAF /* background2.png */ = {isa = PBXFileReference; lastKnownFileType = image.png; name = background2.png; path = ../../../../Downloads/background2.png; sourceTree = "<group>"; };
		ABAB5393184F254B00BD8DAF /* addnewBG */ = {isa = PBXFileReference; lastKnownFileType = file; name = addnewBG; path = "../../../../Downloads/创建卡片1/addnewBG"; sourceTree = "<group>"; };
		ABAB5395184F269100BD8DAF /* name */ = {isa = PBXFileReference; lastKnownFileType = file; name = name; path = "../../../../Downloads/创建卡片1/name"; sourceTree = "<group>"; };
		ABAB5397184F26F500BD8DAF /* next */ = {isa = PBXFileReference; lastKnownFileType = file; name = next; path = "../../../../Downloads/创建卡片1/next"; sourceTree = "<group>"; };
		ABAB5399184F273900BD8DAF /* album */ = {isa = PBXFileReference; lastKnownFileType = file; name = album; path = "../../../../Downloads/创建卡片1/album"; sourceTree = "<group>"; };
		ABAB539A184F273900BD8DAF /* camera */ = {isa = PBXFileReference; lastKnownFileType = file; name = camera; path = "../../../../Downloads/创建卡片1/camera"; sourceTree = "<group>"; };
		ABAB539B184F273900BD8DAF /* choose */ = {isa = PBXFileReference; lastKnownFileType = file; name = choose; path = "../../../../Downloads/创建卡片1/choose"; sourceTree = "<group>"; };
		ABAB539F184F27DF00BD8DAF /* cancel */ = {isa = PBXFileReference; lastKnownFileType = file; name = cancel; path = "../../../../Downloads/20131203 设置切图/cancel"; sourceTree = "<group>"; };
		ABAB53A1184F285800BD8DAF /* logo */ = {isa = PBXFileReference; lastKnownFileType = file; name = logo; path = "../../../../Downloads/创建卡片1/logo"; sourceTree = "<group>"; };
		ABAB53A3184F28F300BD8DAF /* delete */ = {isa = PBXFileReference; lastKnownFileType = file; name = delete; path = "../../../../Downloads/创建卡片2/delete"; sourceTree = "<group>"; };
		ABAB53A4184F28F300BD8DAF /* play */ = {isa = PBXFileReference; lastKnownFileType = file; name = play; path = "../../../../Downloads/创建卡片2/play"; sourceTree = "<group>"; };
		ABAB53A5184F28F300BD8DAF /* previous */ = {isa = PBXFileReference; lastKnownFileType = file; name = previous; path = "../../../../Downloads/创建卡片2/previous"; sourceTree = "<group>"; };
		ABAB53A6184F28F300BD8DAF /* record */ = {isa = PBXFileReference; lastKnownFileType = file; name = record; path = "../../../../Downloads/创建卡片2/record"; sourceTree = "<group>"; };
		ABAB53A7184F28F300BD8DAF /* recordDOWN */ = {isa = PBXFileReference; lastKnownFileType = file; name = recordDOWN; path = "../../../../Downloads/创建卡片2/recordDOWN"; sourceTree = "<group>"; };
		ABAB53AD184F297A00BD8DAF /* confirm */ = {isa = PBXFileReference; lastKnownFileType = file; path = confirm; sourceTree = "<group>"; };
/* End PBXFileReference section */

/* Begin PBXFrameworksBuildPhase section */
		6661048C178BB04A003AEE3D /* Frameworks */ = {
			isa = PBXFrameworksBuildPhase;
			buildActionMask = 2147483647;
			files = (
				ABAB538B184EDACD00BD8DAF /* libz.dylib in Frameworks */,
				ABAB5389184EDA9800BD8DAF /* libMobClickLibrary.a in Frameworks */,
				66E66BD717A9168E00F6177B /* CoreAudio.framework in Frameworks */,
				667E53BC17A633DC00BBDE35 /* libsqlite3.dylib in Frameworks */,
				667059241796A46900E3B156 /* AVFoundation.framework in Frameworks */,
				66610493178BB04A003AEE3D /* UIKit.framework in Frameworks */,
				66610495178BB04A003AEE3D /* Foundation.framework in Frameworks */,
				66CC961817B4BDE700DB3A57 /* SystemConfiguration.framework in Frameworks */,
				66610497178BB04A003AEE3D /* CoreGraphics.framework in Frameworks */,
				6612626917AB7B0C0047AA9B /* QuartzCore.framework in Frameworks */,
			);
			runOnlyForDeploymentPostprocessing = 0;
		};
/* End PBXFrameworksBuildPhase section */

/* Begin PBXGroup section */
		6613011917C1FA6800903CA8 /* supports */ = {
			isa = PBXGroup;
			children = (
				6650B2D117D5CB3D00770C25 /* iosapp.entitlements */,
				6613011A17C1FA8B00903CA8 /* Settings.bundle */,
			);
			name = supports;
			sourceTree = "<group>";
		};
		6625E0501797E4DE009E1CBB /* datastructure */ = {
			isa = PBXGroup;
			children = (
				66AF427E17A7683F0053D560 /* h */,
				667E53BE17A65BA600BBDE35 /* HAMCard.m */,
				667E53C117A65C3100BBDE35 /* HAMResource.m */,
				66CC303717B8DA3A008078A9 /* HAMUser.m */,
				66D1EDE9182DFDD6008F65E5 /* HAMRoom.m */,
			);
			name = datastructure;
			sourceTree = "<group>";
		};
		6653A5A1179E890E00A405B0 /* utils */ = {
			isa = PBXGroup;
			children = (
				8ECB04F9183A428600EA506C /* HAMAnimation.h */,
				8ECB04FA183A428600EA506C /* HAMAnimation.m */,
				66AF427D17A768310053D560 /* h */,
				6697BD9D179F906F002E37E8 /* HAMViewInfo.m */,
				6653A5A3179E894B00A405B0 /* HAMFileTools.m */,
				6697BD9A179F8092002E37E8 /* HAMGridViewTool.m */,
				6697BDA5179FB65E002E37E8 /* HAMViewTool.m */,
				667E53B917A6319A00BBDE35 /* HAMDBManager.m */,
				66AF428017A7979E0053D560 /* HAMTools.m */,
				66CC961F17B4C30300DB3A57 /* Reachability.m */,
				66CC962217B4E7AD00DB3A57 /* HAMWebTool.m */,
				6632DF5C181AC2AD00A8EA03 /* HAMEditableGridViewTool.m */,
			);
			name = utils;
			sourceTree = "<group>";
		};
		66610486178BB04A003AEE3D = {
			isa = PBXGroup;
			children = (
				66610498178BB04A003AEE3D /* iosapp */,
				66610491178BB04A003AEE3D /* Frameworks */,
				66610490178BB04A003AEE3D /* Products */,
			);
			sourceTree = "<group>";
		};
		66610490178BB04A003AEE3D /* Products */ = {
			isa = PBXGroup;
			children = (
				6661048F178BB04A003AEE3D /* 小雨滴儿童版.app */,
			);
			name = Products;
			sourceTree = "<group>";
		};
		66610491178BB04A003AEE3D /* Frameworks */ = {
			isa = PBXGroup;
			children = (
				ABAB538A184EDACD00BD8DAF /* libz.dylib */,
				667E53BB17A633DC00BBDE35 /* libsqlite3.dylib */,
				66CC961717B4BDE700DB3A57 /* SystemConfiguration.framework */,
				6612626817AB7B0C0047AA9B /* QuartzCore.framework */,
				66E66BD617A9168D00F6177B /* CoreAudio.framework */,
				667059231796A46900E3B156 /* AVFoundation.framework */,
				66610492178BB04A003AEE3D /* UIKit.framework */,
				66610494178BB04A003AEE3D /* Foundation.framework */,
				66610496178BB04A003AEE3D /* CoreGraphics.framework */,
			);
			name = Frameworks;
			sourceTree = "<group>";
		};
		66610498178BB04A003AEE3D /* iosapp */ = {
			isa = PBXGroup;
			children = (
				ABAB5390184EF8D900BD8DAF /* umeng */,
				8ECB050C183A499900EA506C /* lib */,
				6613011917C1FA6800903CA8 /* supports */,
				6697BD98179F6FC7002E37E8 /* settings */,
				6653A5A1179E890E00A405B0 /* utils */,
				66CC303917B8FC9B008078A9 /* managers */,
				6625E0501797E4DE009E1CBB /* datastructure */,
				666104A1178BB04A003AEE3D /* HAMAppDelegate.h */,
				666104A2178BB04A003AEE3D /* HAMAppDelegate.m */,
				666104AA178BB04A003AEE3D /* HAMViewController.h */,
				666104AB178BB04A003AEE3D /* HAMViewController.m */,
				666104AD178BB04A003AEE3D /* HAMViewController_iPhone.xib */,
				666104B0178BB04A003AEE3D /* HAMViewController_iPad.xib */,
				66610499178BB04A003AEE3D /* Supporting Files */,
			);
			path = iosapp;
			sourceTree = "<group>";
		};
		66610499178BB04A003AEE3D /* Supporting Files */ = {
			isa = PBXGroup;
			children = (
				ABAB53AD184F297A00BD8DAF /* confirm */,
				ABAB53A3184F28F300BD8DAF /* delete */,
				ABAB53A4184F28F300BD8DAF /* play */,
				ABAB53A5184F28F300BD8DAF /* previous */,
				ABAB53A6184F28F300BD8DAF /* record */,
				ABAB53A7184F28F300BD8DAF /* recordDOWN */,
				ABAB53A1184F285800BD8DAF /* logo */,
				ABAB539F184F27DF00BD8DAF /* cancel */,
				ABAB5399184F273900BD8DAF /* album */,
				ABAB539A184F273900BD8DAF /* camera */,
				ABAB539B184F273900BD8DAF /* choose */,
				ABAB5397184F26F500BD8DAF /* next */,
				ABAB5395184F269100BD8DAF /* name */,
				ABAB5393184F254B00BD8DAF /* addnewBG */,
				ABAB5391184F240400BD8DAF /* background2.png */,
				ABAB538C184EF6BF00BD8DAF /* addnew */,
				ABAB538D184EF6BF00BD8DAF /* back */,
				ABAB5340184D7A5800BD8DAF /* background.png */,
				ABAB533C184D753E00BD8DAF /* cardBG.png */,
				ABAB533D184D753E00BD8DAF /* classBG.png */,
				8EAF0A5A1834771900FE94C6 /* edit.png */,
				8E5626141833654900351EA2 /* add.png */,
				8E56261018335ADD00351EA2 /* unselected.png */,
				8E56261118335ADD00351EA2 /* selected.png */,
				6650B2E417D5D6C500770C25 /* nopic.png */,
				6650B2E217D5D60A00770C25 /* icon1_retina.png */,
				6650B2E017D5D60000770C25 /* icon1.png */,
				6650B2D617D5D1D100770C25 /* citiao.png */,
				6650B2D717D5D1D100770C25 /* fenlei.png */,
				6650B2D817D5D1D200770C25 /* quanbu.png */,
				66E66BD017A8FD4100F6177B /* bg.png */,
				66E66BD217A90A9F00F6177B /* card.png */,
				66E66BD417A90AA200F6177B /* category.png */,
				6661049A178BB04A003AEE3D /* iosapp-Info.plist */,
				6661049B178BB04A003AEE3D /* InfoPlist.strings */,
				6661049E178BB04A003AEE3D /* main.m */,
				666104A0178BB04A003AEE3D /* iosapp-Prefix.pch */,
				666104A4178BB04A003AEE3D /* Default.png */,
				666104A6178BB04A003AEE3D /* Default@2x.png */,
				666104A8178BB04A003AEE3D /* Default-568h@2x.png */,
			);
			name = "Supporting Files";
			sourceTree = "<group>";
		};
		6697BD98179F6FC7002E37E8 /* settings */ = {
			isa = PBXGroup;
			children = (
				66AF427C17A7681E0053D560 /* h */,
				66F9754717B799A300F94CAF /* HAMUserViewController.m */,
				66F9754817B799A300F94CAF /* HAMUserViewController.xib */,
				6697BD94179F6FC2002E37E8 /* HAMStructureEditViewController.m */,
				6697BDA2179FB33A002E37E8 /* HAMStructureEditView.xib */,
				6653A59D179E75E900A405B0 /* HAMSettingsViewController.m */,
				66CC961A17B4BFB900DB3A57 /* HAMSyncViewController.m */,
				66CC961B17B4BFB900DB3A57 /* HAMSyncViewController.xib */,
				8EE7A2E01822361A007356B1 /* HAMConstants.h */,
				8EE7A2E11822361A007356B1 /* HAMConstants.m */,
				8EB892FA1818F9D4001322F2 /* HAMGridCell.h */,
				8EB892FB1818F9D4001322F2 /* HAMGridCell.m */,
				8EE7A2E21822361A007356B1 /* HAMGridCell.xib */,
				ABAB5347184D884F00BD8DAF /* HAMGridViewController.h */,
				ABAB5348184D884F00BD8DAF /* HAMGridViewController.m */,
				ABAB5349184D884F00BD8DAF /* HAMGridViewController.xib */,
				6697BDAF179FD7C0002E37E8 /* HAMCategorySelectorViewController.h */,
				6697BDB0179FD7C0002E37E8 /* HAMCategorySelectorViewController.m */,
				8EE7A2DD1822361A007356B1 /* HAMCardSelectorViewController.h */,
				8EE7A2DE1822361A007356B1 /* HAMCardSelectorViewController.m */,
				8E0728651835FEA700E538FB /* HAMCategoryEditorViewController.h */,
				8E0728661835FEA700E538FB /* HAMCategoryEditorViewController.m */,
				8E0728671835FEA700E538FB /* HAMCategoryEditorViewController.xib */,
				8E07286A183609A100E538FB /* HAMCardEditorViewController.h */,
				8E07286B183609A100E538FB /* HAMCardEditorViewController.m */,
				8E07286C183609A100E538FB /* HAMCardEditorViewController.xib */,
				ABAB5382184E1C3400BD8DAF /* HAMImageCropperViewController.h */,
				ABAB5383184E1C3400BD8DAF /* HAMImageCropperViewController.m */,
				ABAB5384184E1C3400BD8DAF /* HAMImageCropperViewController.xib */,
				8E07286F1836202B00E538FB /* HAMRecorderViewController.h */,
				8E0728701836202B00E538FB /* HAMRecorderViewController.m */,
				8E0728711836202B00E538FB /* HAMRecorderViewController.xib */,
				AB212559184F750E00AF7F63 /* HAMPopoverBackgroundView.h */,
				AB21255A184F750E00AF7F63 /* HAMPopoverBackgroundView.m */,
			);
			name = settings;
			sourceTree = "<group>";
		};
		66AF427C17A7681E0053D560 /* h */ = {
			isa = PBXGroup;
			children = (
				6697BD93179F6FC2002E37E8 /* HAMStructureEditViewController.h */,
				66CC961917B4BFB900DB3A57 /* HAMSyncViewController.h */,
				6653A59C179E75E900A405B0 /* HAMSettingsViewController.h */,
				66F9754617B799A300F94CAF /* HAMUserViewController.h */,
			);
			name = h;
			sourceTree = "<group>";
		};
		66AF427D17A768310053D560 /* h */ = {
			isa = PBXGroup;
			children = (
				6632DF5B181AC2AD00A8EA03 /* HAMEditableGridViewTool.h */,
				66CC961E17B4C30300DB3A57 /* Reachability.h */,
				66AF427F17A7979E0053D560 /* HAMTools.h */,
				6697BD9C179F906F002E37E8 /* HAMViewInfo.h */,
				6653A5A2179E894B00A405B0 /* HAMFileTools.h */,
				6697BD99179F8092002E37E8 /* HAMGridViewTool.h */,
				6697BDA4179FB65E002E37E8 /* HAMViewTool.h */,
				667E53B817A6319A00BBDE35 /* HAMDBManager.h */,
				66CC962117B4E7AD00DB3A57 /* HAMWebTool.h */,
			);
			name = h;
			sourceTree = "<group>";
		};
		66AF427E17A7683F0053D560 /* h */ = {
			isa = PBXGroup;
			children = (
				667E53BD17A65BA600BBDE35 /* HAMCard.h */,
				667E53C017A65C3100BBDE35 /* HAMResource.h */,
				66CC303617B8DA3A008078A9 /* HAMUser.h */,
				66D1EDE8182DFDD6008F65E5 /* HAMRoom.h */,
			);
			name = h;
			sourceTree = "<group>";
		};
		66CC303917B8FC9B008078A9 /* managers */ = {
			isa = PBXGroup;
			children = (
				66CC303A17B8FCB6008078A9 /* h */,
				66D7E6BE17A0D19A00CB122D /* HAMConfig.m */,
				66CC303C17B8FD23008078A9 /* HAMUserManager.m */,
			);
			name = managers;
			sourceTree = "<group>";
		};
		66CC303A17B8FCB6008078A9 /* h */ = {
			isa = PBXGroup;
			children = (
				66D7E6BD17A0D19A00CB122D /* HAMConfig.h */,
				66CC303B17B8FD23008078A9 /* HAMUserManager.h */,
			);
			name = h;
			sourceTree = "<group>";
		};
		8ECB050C183A499900EA506C /* lib */ = {
			isa = PBXGroup;
			children = (
				8ECB050D183A499900EA506C /* animationLib */,
			);
			path = lib;
			sourceTree = "<group>";
		};
		8ECB050D183A499900EA506C /* animationLib */ = {
			isa = PBXGroup;
			children = (
				8ECB050E183A499900EA506C /* QBAnimationGroup.h */,
				8ECB050F183A499900EA506C /* QBAnimationGroup.m */,
				8ECB0510183A499900EA506C /* QBAnimationItem.h */,
				8ECB0511183A499900EA506C /* QBAnimationItem.m */,
				8ECB0512183A499900EA506C /* QBAnimationSequence-Info.plist */,
				8ECB0513183A499900EA506C /* QBAnimationSequence-Prefix.pch */,
				8ECB0514183A499900EA506C /* QBAnimationSequence.h */,
				8ECB0515183A499900EA506C /* QBAnimationSequence.m */,
				8ECB0516183A499900EA506C /* RotateAnimation.h */,
				8ECB0517183A499900EA506C /* RotateAnimation.m */,
			);
			path = animationLib;
			sourceTree = "<group>";
		};
		ABAB5390184EF8D900BD8DAF /* umeng */ = {
			isa = PBXGroup;
			children = (
				ABAB5387184EDA9800BD8DAF /* libMobClickLibrary.a */,
				ABAB5388184EDA9800BD8DAF /* MobClick.h */,
			);
			name = umeng;
			sourceTree = "<group>";
		};
/* End PBXGroup section */

/* Begin PBXNativeTarget section */
		6661048E178BB04A003AEE3D /* iosapp */ = {
			isa = PBXNativeTarget;
			buildConfigurationList = 666104B5178BB04A003AEE3D /* Build configuration list for PBXNativeTarget "iosapp" */;
			buildPhases = (
				6661048B178BB04A003AEE3D /* Sources */,
				6661048C178BB04A003AEE3D /* Frameworks */,
				6661048D178BB04A003AEE3D /* Resources */,
			);
			buildRules = (
			);
			dependencies = (
			);
			name = iosapp;
			productName = iosapp;
			productReference = 6661048F178BB04A003AEE3D /* 小雨滴儿童版.app */;
			productType = "com.apple.product-type.application";
		};
/* End PBXNativeTarget section */

/* Begin PBXProject section */
		66610487178BB04A003AEE3D /* Project object */ = {
			isa = PBXProject;
			attributes = {
				CLASSPREFIX = HAM;
				LastUpgradeCheck = 0460;
				ORGANIZATIONNAME = Droplings;
				TargetAttributes = {
					6661048E178BB04A003AEE3D = {
						DevelopmentTeam = ZPE72C64SR;
					};
				};
			};
			buildConfigurationList = 6661048A178BB04A003AEE3D /* Build configuration list for PBXProject "iosapp" */;
			compatibilityVersion = "Xcode 3.2";
			developmentRegion = English;
			hasScannedForEncodings = 0;
			knownRegions = (
				en,
				"zh-Hans",
			);
			mainGroup = 66610486178BB04A003AEE3D;
			productRefGroup = 66610490178BB04A003AEE3D /* Products */;
			projectDirPath = "";
			projectRoot = "";
			targets = (
				6661048E178BB04A003AEE3D /* iosapp */,
			);
		};
/* End PBXProject section */

/* Begin PBXResourcesBuildPhase section */
		6661048D178BB04A003AEE3D /* Resources */ = {
			isa = PBXResourcesBuildPhase;
			buildActionMask = 2147483647;
			files = (
				6661049D178BB04A003AEE3D /* InfoPlist.strings in Resources */,
				666104A5178BB04A003AEE3D /* Default.png in Resources */,
				ABAB5341184D7A5800BD8DAF /* background.png in Resources */,
				8E5626151833654900351EA2 /* add.png in Resources */,
				666104A7178BB04A003AEE3D /* Default@2x.png in Resources */,
				666104A9178BB04A003AEE3D /* Default-568h@2x.png in Resources */,
				666104AF178BB04A003AEE3D /* HAMViewController_iPhone.xib in Resources */,
				666104B2178BB04A003AEE3D /* HAMViewController_iPad.xib in Resources */,
				8EAF0A5B1834771900FE94C6 /* edit.png in Resources */,
				8EE7A2E71822361A007356B1 /* HAMGridCell.xib in Resources */,
				ABAB5394184F254B00BD8DAF /* addnewBG in Resources */,
				6697BDA3179FB33A002E37E8 /* HAMStructureEditView.xib in Resources */,
				8E0728691835FEA700E538FB /* HAMCategoryEditorViewController.xib in Resources */,
				ABAB533F184D753E00BD8DAF /* classBG.png in Resources */,
				66E66BD117A8FD4200F6177B /* bg.png in Resources */,
				ABAB53A8184F28F300BD8DAF /* delete in Resources */,
				66E66BD317A90A9F00F6177B /* card.png in Resources */,
				ABAB538E184EF6BF00BD8DAF /* addnew in Resources */,
				66E66BD517A90AA200F6177B /* category.png in Resources */,
				8E0728731836202B00E538FB /* HAMRecorderViewController.xib in Resources */,
				66CC961D17B4BFB900DB3A57 /* HAMSyncViewController.xib in Resources */,
				ABAB53AB184F28F300BD8DAF /* record in Resources */,
				8ECB051A183A499900EA506C /* QBAnimationSequence-Info.plist in Resources */,
				66F9754A17B799A300F94CAF /* HAMUserViewController.xib in Resources */,
				6613011B17C1FA8B00903CA8 /* Settings.bundle in Resources */,
				6650B2D917D5D1D200770C25 /* citiao.png in Resources */,
				6650B2DA17D5D1D200770C25 /* fenlei.png in Resources */,
				ABAB53AA184F28F300BD8DAF /* previous in Resources */,
				6650B2DB17D5D1D200770C25 /* quanbu.png in Resources */,
				6650B2E117D5D60000770C25 /* icon1.png in Resources */,
				ABAB53AC184F28F300BD8DAF /* recordDOWN in Resources */,
				ABAB539E184F273900BD8DAF /* choose in Resources */,
				ABAB539D184F273900BD8DAF /* camera in Resources */,
				ABAB539C184F273900BD8DAF /* album in Resources */,
				ABAB534B184D884F00BD8DAF /* HAMGridViewController.xib in Resources */,
				8E56261218335ADD00351EA2 /* unselected.png in Resources */,
				ABAB5392184F240400BD8DAF /* background2.png in Resources */,
				ABAB53A2184F285800BD8DAF /* logo in Resources */,
				8E56261318335ADD00351EA2 /* selected.png in Resources */,
				ABAB5398184F26F500BD8DAF /* next in Resources */,
				ABAB5396184F269100BD8DAF /* name in Resources */,
				8E07286E183609A100E538FB /* HAMCardEditorViewController.xib in Resources */,
				6650B2E317D5D60A00770C25 /* icon1_retina.png in Resources */,
				ABAB53A0184F27DF00BD8DAF /* cancel in Resources */,
				ABAB5386184E1C3400BD8DAF /* HAMImageCropperViewController.xib in Resources */,
				ABAB533E184D753E00BD8DAF /* cardBG.png in Resources */,
				6650B2E517D5D6C500770C25 /* nopic.png in Resources */,
				ABAB53A9184F28F300BD8DAF /* play in Resources */,
				ABAB538F184EF6BF00BD8DAF /* back in Resources */,
			);
			runOnlyForDeploymentPostprocessing = 0;
		};
/* End PBXResourcesBuildPhase section */

/* Begin PBXSourcesBuildPhase section */
		6661048B178BB04A003AEE3D /* Sources */ = {
			isa = PBXSourcesBuildPhase;
			buildActionMask = 2147483647;
			files = (
				6661049F178BB04A003AEE3D /* main.m in Sources */,
				6632DF5D181AC2AD00A8EA03 /* HAMEditableGridViewTool.m in Sources */,
				666104A3178BB04A003AEE3D /* HAMAppDelegate.m in Sources */,
				666104AC178BB04A003AEE3D /* HAMViewController.m in Sources */,
				6653A59F179E75E900A405B0 /* HAMSettingsViewController.m in Sources */,
				8EE7A2E61822361A007356B1 /* HAMConstants.m in Sources */,
				6653A5A4179E894B00A405B0 /* HAMFileTools.m in Sources */,
				6697BD96179F6FC2002E37E8 /* HAMStructureEditViewController.m in Sources */,
				6697BD9B179F8092002E37E8 /* HAMGridViewTool.m in Sources */,
				6697BD9E179F906F002E37E8 /* HAMViewInfo.m in Sources */,
				6697BDA6179FB65E002E37E8 /* HAMViewTool.m in Sources */,
				8ECB04FB183A428600EA506C /* HAMAnimation.m in Sources */,
				6697BDB2179FD7C0002E37E8 /* HAMCategorySelectorViewController.m in Sources */,
				ABAB5385184E1C3400BD8DAF /* HAMImageCropperViewController.m in Sources */,
				8ECB0518183A499900EA506C /* QBAnimationGroup.m in Sources */,
				66D7E6BF17A0D19B00CB122D /* HAMConfig.m in Sources */,
				8EE7A2E41822361A007356B1 /* HAMCardSelectorViewController.m in Sources */,
				8ECB0519183A499900EA506C /* QBAnimationItem.m in Sources */,
				667E53BA17A6319A00BBDE35 /* HAMDBManager.m in Sources */,
				667E53BF17A65BA600BBDE35 /* HAMCard.m in Sources */,
				667E53C217A65C3100BBDE35 /* HAMResource.m in Sources */,
				66D1EDEA182DFDD6008F65E5 /* HAMRoom.m in Sources */,
				66AF428117A7979E0053D560 /* HAMTools.m in Sources */,
				8E0728681835FEA700E538FB /* HAMCategoryEditorViewController.m in Sources */,
				8E0728721836202B00E538FB /* HAMRecorderViewController.m in Sources */,
				66CC961C17B4BFB900DB3A57 /* HAMSyncViewController.m in Sources */,
				66CC962017B4C30400DB3A57 /* Reachability.m in Sources */,
				66CC962317B4E7AD00DB3A57 /* HAMWebTool.m in Sources */,
				8ECB051B183A499900EA506C /* QBAnimationSequence.m in Sources */,
				8ECB051C183A499900EA506C /* RotateAnimation.m in Sources */,
				8EB892FC1818F9D4001322F2 /* HAMGridCell.m in Sources */,
				66F9754917B799A300F94CAF /* HAMUserViewController.m in Sources */,
				66CC303817B8DA3A008078A9 /* HAMUser.m in Sources */,
				ABAB534A184D884F00BD8DAF /* HAMGridViewController.m in Sources */,
				8E07286D183609A100E538FB /* HAMCardEditorViewController.m in Sources */,
				66CC303D17B8FD23008078A9 /* HAMUserManager.m in Sources */,
				AB21255B184F750E00AF7F63 /* HAMPopoverBackgroundView.m in Sources */,
			);
			runOnlyForDeploymentPostprocessing = 0;
		};
/* End PBXSourcesBuildPhase section */

/* Begin PBXVariantGroup section */
		6661049B178BB04A003AEE3D /* InfoPlist.strings */ = {
			isa = PBXVariantGroup;
			children = (
				6661049C178BB04A003AEE3D /* en */,
			);
			name = InfoPlist.strings;
			sourceTree = "<group>";
		};
		666104AD178BB04A003AEE3D /* HAMViewController_iPhone.xib */ = {
			isa = PBXVariantGroup;
			children = (
				666104AE178BB04A003AEE3D /* en */,
			);
			name = HAMViewController_iPhone.xib;
			sourceTree = "<group>";
		};
		666104B0178BB04A003AEE3D /* HAMViewController_iPad.xib */ = {
			isa = PBXVariantGroup;
			children = (
				666104B1178BB04A003AEE3D /* en */,
			);
			name = HAMViewController_iPad.xib;
			sourceTree = "<group>";
		};
/* End PBXVariantGroup section */

/* Begin XCBuildConfiguration section */
		666104B3178BB04A003AEE3D /* Debug */ = {
			isa = XCBuildConfiguration;
			buildSettings = {
				ALWAYS_SEARCH_USER_PATHS = NO;
				CLANG_CXX_LANGUAGE_STANDARD = "gnu++0x";
				CLANG_CXX_LIBRARY = "libc++";
				CLANG_ENABLE_OBJC_ARC = YES;
				CLANG_WARN_CONSTANT_CONVERSION = YES;
				CLANG_WARN_EMPTY_BODY = YES;
				CLANG_WARN_ENUM_CONVERSION = YES;
				CLANG_WARN_INT_CONVERSION = YES;
				CLANG_WARN__DUPLICATE_METHOD_MATCH = YES;
				"CODE_SIGN_IDENTITY[sdk=iphoneos*]" = "iPhone Developer";
				COPY_PHASE_STRIP = NO;
				GCC_C_LANGUAGE_STANDARD = gnu99;
				GCC_DYNAMIC_NO_PIC = NO;
				GCC_OPTIMIZATION_LEVEL = 0;
				GCC_PREPROCESSOR_DEFINITIONS = (
					"DEBUG=1",
					"$(inherited)",
				);
				GCC_SYMBOLS_PRIVATE_EXTERN = NO;
				GCC_WARN_ABOUT_RETURN_TYPE = YES;
				GCC_WARN_UNINITIALIZED_AUTOS = YES;
				GCC_WARN_UNUSED_VARIABLE = YES;
				IPHONEOS_DEPLOYMENT_TARGET = 5.0;
				ONLY_ACTIVE_ARCH = YES;
				SDKROOT = iphoneos;
				TARGETED_DEVICE_FAMILY = "1,2";
			};
			name = Debug;
		};
		666104B4178BB04A003AEE3D /* Release */ = {
			isa = XCBuildConfiguration;
			buildSettings = {
				ALWAYS_SEARCH_USER_PATHS = NO;
				CLANG_CXX_LANGUAGE_STANDARD = "gnu++0x";
				CLANG_CXX_LIBRARY = "libc++";
				CLANG_ENABLE_OBJC_ARC = YES;
				CLANG_WARN_CONSTANT_CONVERSION = YES;
				CLANG_WARN_EMPTY_BODY = YES;
				CLANG_WARN_ENUM_CONVERSION = YES;
				CLANG_WARN_INT_CONVERSION = YES;
				CLANG_WARN__DUPLICATE_METHOD_MATCH = YES;
				"CODE_SIGN_IDENTITY[sdk=iphoneos*]" = "iPhone Developer";
				COPY_PHASE_STRIP = YES;
				GCC_C_LANGUAGE_STANDARD = gnu99;
				GCC_WARN_ABOUT_RETURN_TYPE = YES;
				GCC_WARN_UNINITIALIZED_AUTOS = YES;
				GCC_WARN_UNUSED_VARIABLE = YES;
				IPHONEOS_DEPLOYMENT_TARGET = 5.0;
				OTHER_CFLAGS = "-DNS_BLOCK_ASSERTIONS=1";
				SDKROOT = iphoneos;
				TARGETED_DEVICE_FAMILY = "1,2";
				VALIDATE_PRODUCT = YES;
			};
			name = Release;
		};
		666104B6178BB04A003AEE3D /* Debug */ = {
			isa = XCBuildConfiguration;
			buildSettings = {
				ALWAYS_SEARCH_USER_PATHS = NO;
				CODE_SIGN_IDENTITY = "iPhone Developer";
				"CODE_SIGN_IDENTITY[sdk=iphoneos*]" = "iPhone Developer";
				FRAMEWORK_SEARCH_PATHS = /Users/lei/Documents/Projects/xiaoyudi_iOS/iosapp/UMSocial_Sdk_3.1/frameworks/TencentOpenAPI;
				GCC_PRECOMPILE_PREFIX_HEADER = YES;
				GCC_PREFIX_HEADER = "iosapp/iosapp-Prefix.pch";
				INFOPLIST_FILE = "iosapp/iosapp-Info.plist";
				IPHONEOS_DEPLOYMENT_TARGET = 6.1;
				LIBRARY_SEARCH_PATHS = (
					"$(inherited)",
					/Users/lei/Documents/Projects/xiaoyudi_iOS/iosapp/UMSocial_Sdk_3.1/frameworks/Wechat,
					/Users/lei/Documents/Projects/xiaoyudi_iOS/iosapp/UMSocial_Sdk_3.1,
					/Users/lei/Documents/Projects/xiaoyudi_iOS/iosapp,
				);
				PRODUCT_NAME = "小雨滴儿童版";
				PROVISIONING_PROFILE = "";
				TARGETED_DEVICE_FAMILY = 2;
				WRAPPER_EXTENSION = app;
			};
			name = Debug;
		};
		666104B7178BB04A003AEE3D /* Release */ = {
			isa = XCBuildConfiguration;
			buildSettings = {
				ALWAYS_SEARCH_USER_PATHS = NO;
				CODE_SIGN_IDENTITY = "iPhone Developer";
				"CODE_SIGN_IDENTITY[sdk=iphoneos*]" = "iPhone Developer";
				FRAMEWORK_SEARCH_PATHS = /Users/lei/Documents/Projects/xiaoyudi_iOS/iosapp/UMSocial_Sdk_3.1/frameworks/TencentOpenAPI;
				GCC_PRECOMPILE_PREFIX_HEADER = YES;
				GCC_PREFIX_HEADER = "iosapp/iosapp-Prefix.pch";
				INFOPLIST_FILE = "iosapp/iosapp-Info.plist";
				IPHONEOS_DEPLOYMENT_TARGET = 6.1;
				LIBRARY_SEARCH_PATHS = (
					"$(inherited)",
					/Users/lei/Documents/Projects/xiaoyudi_iOS/iosapp/UMSocial_Sdk_3.1/frameworks/Wechat,
					/Users/lei/Documents/Projects/xiaoyudi_iOS/iosapp/UMSocial_Sdk_3.1,
					/Users/lei/Documents/Projects/xiaoyudi_iOS/iosapp,
				);
				PRODUCT_NAME = "小雨滴儿童版";
				PROVISIONING_PROFILE = "";
				TARGETED_DEVICE_FAMILY = 2;
				WRAPPER_EXTENSION = app;
			};
			name = Release;
		};
/* End XCBuildConfiguration section */

/* Begin XCConfigurationList section */
		6661048A178BB04A003AEE3D /* Build configuration list for PBXProject "iosapp" */ = {
			isa = XCConfigurationList;
			buildConfigurations = (
				666104B3178BB04A003AEE3D /* Debug */,
				666104B4178BB04A003AEE3D /* Release */,
			);
			defaultConfigurationIsVisible = 0;
			defaultConfigurationName = Release;
		};
		666104B5178BB04A003AEE3D /* Build configuration list for PBXNativeTarget "iosapp" */ = {
			isa = XCConfigurationList;
			buildConfigurations = (
				666104B6178BB04A003AEE3D /* Debug */,
				666104B7178BB04A003AEE3D /* Release */,
			);
			defaultConfigurationIsVisible = 0;
			defaultConfigurationName = Release;
		};
/* End XCConfigurationList section */
	};
	rootObject = 66610487178BB04A003AEE3D /* Project object */;
}
