// !$*UTF8*$!
{
	archiveVersion = 1;
	classes = {
	};
	objectVersion = 46;
	objects = {

/* Begin PBXBuildFile section */
		6612626917AB7B0C0047AA9B /* QuartzCore.framework in Frameworks */ = {isa = PBXBuildFile; fileRef = 6612626817AB7B0C0047AA9B /* QuartzCore.framework */; };
		6613011B17C1FA8B00903CA8 /* Settings.bundle in Resources */ = {isa = PBXBuildFile; fileRef = 6613011A17C1FA8B00903CA8 /* Settings.bundle */; };
		6632DF5D181AC2AD00A8EA03 /* HAMEditableGridViewTool.m in Sources */ = {isa = PBXBuildFile; fileRef = 6632DF5C181AC2AD00A8EA03 /* HAMEditableGridViewTool.m */; };
		6650B2D917D5D1D200770C25 /* citiao.png in Resources */ = {isa = PBXBuildFile; fileRef = 6650B2D617D5D1D100770C25 /* citiao.png */; };
		6650B2DA17D5D1D200770C25 /* fenlei.png in Resources */ = {isa = PBXBuildFile; fileRef = 6650B2D717D5D1D100770C25 /* fenlei.png */; };
		6650B2DB17D5D1D200770C25 /* quanbu.png in Resources */ = {isa = PBXBuildFile; fileRef = 6650B2D817D5D1D200770C25 /* quanbu.png */; };
		6650B2E117D5D60000770C25 /* icon1.png in Resources */ = {isa = PBXBuildFile; fileRef = 6650B2E017D5D60000770C25 /* icon1.png */; };
		6650B2E317D5D60A00770C25 /* icon1_retina.png in Resources */ = {isa = PBXBuildFile; fileRef = 6650B2E217D5D60A00770C25 /* icon1_retina.png */; };
		6650B2E517D5D6C500770C25 /* nopic.png in Resources */ = {isa = PBXBuildFile; fileRef = 6650B2E417D5D6C500770C25 /* nopic.png */; };
		6653A59F179E75E900A405B0 /* HAMSettingsViewController.m in Sources */ = {isa = PBXBuildFile; fileRef = 6653A59D179E75E900A405B0 /* HAMSettingsViewController.m */; };
		6653A5A0179E75E900A405B0 /* HAMSettingsViewController.xib in Resources */ = {isa = PBXBuildFile; fileRef = 6653A59E179E75E900A405B0 /* HAMSettingsViewController.xib */; };
		6653A5A4179E894B00A405B0 /* HAMFileTools.m in Sources */ = {isa = PBXBuildFile; fileRef = 6653A5A3179E894B00A405B0 /* HAMFileTools.m */; };
		66610493178BB04A003AEE3D /* UIKit.framework in Frameworks */ = {isa = PBXBuildFile; fileRef = 66610492178BB04A003AEE3D /* UIKit.framework */; };
		66610495178BB04A003AEE3D /* Foundation.framework in Frameworks */ = {isa = PBXBuildFile; fileRef = 66610494178BB04A003AEE3D /* Foundation.framework */; };
		66610497178BB04A003AEE3D /* CoreGraphics.framework in Frameworks */ = {isa = PBXBuildFile; fileRef = 66610496178BB04A003AEE3D /* CoreGraphics.framework */; };
		6661049D178BB04A003AEE3D /* InfoPlist.strings in Resources */ = {isa = PBXBuildFile; fileRef = 6661049B178BB04A003AEE3D /* InfoPlist.strings */; };
		6661049F178BB04A003AEE3D /* main.m in Sources */ = {isa = PBXBuildFile; fileRef = 6661049E178BB04A003AEE3D /* main.m */; };
		666104A3178BB04A003AEE3D /* HAMAppDelegate.m in Sources */ = {isa = PBXBuildFile; fileRef = 666104A2178BB04A003AEE3D /* HAMAppDelegate.m */; };
		666104A5178BB04A003AEE3D /* Default.png in Resources */ = {isa = PBXBuildFile; fileRef = 666104A4178BB04A003AEE3D /* Default.png */; };
		666104A7178BB04A003AEE3D /* Default@2x.png in Resources */ = {isa = PBXBuildFile; fileRef = 666104A6178BB04A003AEE3D /* Default@2x.png */; };
		666104A9178BB04A003AEE3D /* Default-568h@2x.png in Resources */ = {isa = PBXBuildFile; fileRef = 666104A8178BB04A003AEE3D /* Default-568h@2x.png */; };
		666104AC178BB04A003AEE3D /* HAMViewController.m in Sources */ = {isa = PBXBuildFile; fileRef = 666104AB178BB04A003AEE3D /* HAMViewController.m */; };
		666104AF178BB04A003AEE3D /* HAMViewController_iPhone.xib in Resources */ = {isa = PBXBuildFile; fileRef = 666104AD178BB04A003AEE3D /* HAMViewController_iPhone.xib */; };
		666104B2178BB04A003AEE3D /* HAMViewController_iPad.xib in Resources */ = {isa = PBXBuildFile; fileRef = 666104B0178BB04A003AEE3D /* HAMViewController_iPad.xib */; };
		667059241796A46900E3B156 /* AVFoundation.framework in Frameworks */ = {isa = PBXBuildFile; fileRef = 667059231796A46900E3B156 /* AVFoundation.framework */; };
		667059261796A48C00E3B156 /* AVFoundation.framework in Frameworks */ = {isa = PBXBuildFile; fileRef = 667059251796A48C00E3B156 /* AVFoundation.framework */; };
		667E53B617A6132D00BBDE35 /* HAMEditNodeViewController.m in Sources */ = {isa = PBXBuildFile; fileRef = 667E53B417A6132D00BBDE35 /* HAMEditNodeViewController.m */; };
		667E53B717A6132D00BBDE35 /* HAMEditNodeViewController.xib in Resources */ = {isa = PBXBuildFile; fileRef = 667E53B517A6132D00BBDE35 /* HAMEditNodeViewController.xib */; };
		667E53BA17A6319A00BBDE35 /* HAMDBManager.m in Sources */ = {isa = PBXBuildFile; fileRef = 667E53B917A6319A00BBDE35 /* HAMDBManager.m */; };
		667E53BC17A633DC00BBDE35 /* libsqlite3.dylib in Frameworks */ = {isa = PBXBuildFile; fileRef = 667E53BB17A633DC00BBDE35 /* libsqlite3.dylib */; };
		667E53BF17A65BA600BBDE35 /* HAMCard.m in Sources */ = {isa = PBXBuildFile; fileRef = 667E53BE17A65BA600BBDE35 /* HAMCard.m */; };
		667E53C217A65C3100BBDE35 /* HAMResource.m in Sources */ = {isa = PBXBuildFile; fileRef = 667E53C117A65C3100BBDE35 /* HAMResource.m */; };
		6697BD96179F6FC2002E37E8 /* HAMStructureEditViewController.m in Sources */ = {isa = PBXBuildFile; fileRef = 6697BD94179F6FC2002E37E8 /* HAMStructureEditViewController.m */; };
		6697BD9B179F8092002E37E8 /* HAMGridViewTool.m in Sources */ = {isa = PBXBuildFile; fileRef = 6697BD9A179F8092002E37E8 /* HAMGridViewTool.m */; };
		6697BD9E179F906F002E37E8 /* HAMViewInfo.m in Sources */ = {isa = PBXBuildFile; fileRef = 6697BD9D179F906F002E37E8 /* HAMViewInfo.m */; };
		6697BDA3179FB33A002E37E8 /* HAMStructureEditView.xib in Resources */ = {isa = PBXBuildFile; fileRef = 6697BDA2179FB33A002E37E8 /* HAMStructureEditView.xib */; };
		6697BDA6179FB65E002E37E8 /* HAMViewTool.m in Sources */ = {isa = PBXBuildFile; fileRef = 6697BDA5179FB65E002E37E8 /* HAMViewTool.m */; };
		6697BDB2179FD7C0002E37E8 /* HAMNodeSelectorViewController.m in Sources */ = {isa = PBXBuildFile; fileRef = 6697BDB0179FD7C0002E37E8 /* HAMNodeSelectorViewController.m */; };
		6697BDB3179FD7C0002E37E8 /* HAMNodeSelectorViewController.xib in Resources */ = {isa = PBXBuildFile; fileRef = 6697BDB1179FD7C0002E37E8 /* HAMNodeSelectorViewController.xib */; };
		66AF428117A7979E0053D560 /* HAMTools.m in Sources */ = {isa = PBXBuildFile; fileRef = 66AF428017A7979E0053D560 /* HAMTools.m */; };
		66CC303817B8DA3A008078A9 /* HAMUser.m in Sources */ = {isa = PBXBuildFile; fileRef = 66CC303717B8DA3A008078A9 /* HAMUser.m */; };
		66CC303D17B8FD23008078A9 /* HAMUserManager.m in Sources */ = {isa = PBXBuildFile; fileRef = 66CC303C17B8FD23008078A9 /* HAMUserManager.m */; };
		66CC961817B4BDE700DB3A57 /* SystemConfiguration.framework in Frameworks */ = {isa = PBXBuildFile; fileRef = 66CC961717B4BDE700DB3A57 /* SystemConfiguration.framework */; };
		66CC961C17B4BFB900DB3A57 /* HAMSyncViewController.m in Sources */ = {isa = PBXBuildFile; fileRef = 66CC961A17B4BFB900DB3A57 /* HAMSyncViewController.m */; };
		66CC961D17B4BFB900DB3A57 /* HAMSyncViewController.xib in Resources */ = {isa = PBXBuildFile; fileRef = 66CC961B17B4BFB900DB3A57 /* HAMSyncViewController.xib */; };
		66CC962017B4C30400DB3A57 /* Reachability.m in Sources */ = {isa = PBXBuildFile; fileRef = 66CC961F17B4C30300DB3A57 /* Reachability.m */; };
		66CC962317B4E7AD00DB3A57 /* HAMWebTool.m in Sources */ = {isa = PBXBuildFile; fileRef = 66CC962217B4E7AD00DB3A57 /* HAMWebTool.m */; };
		66CCAF8818376B3C00AB5DA9 /* HAMAnimation.m in Sources */ = {isa = PBXBuildFile; fileRef = 66CCAF8718376B3C00AB5DA9 /* HAMAnimation.m */; };
		66CCAF961837B11200AB5DA9 /* QBAnimationGroup.m in Sources */ = {isa = PBXBuildFile; fileRef = 66CCAF8D1837B11200AB5DA9 /* QBAnimationGroup.m */; };
		66CCAF971837B11200AB5DA9 /* QBAnimationItem.m in Sources */ = {isa = PBXBuildFile; fileRef = 66CCAF8F1837B11200AB5DA9 /* QBAnimationItem.m */; };
		66CCAF981837B11200AB5DA9 /* QBAnimationSequence-Info.plist in Resources */ = {isa = PBXBuildFile; fileRef = 66CCAF901837B11200AB5DA9 /* QBAnimationSequence-Info.plist */; };
		66CCAF991837B11200AB5DA9 /* QBAnimationSequence.m in Sources */ = {isa = PBXBuildFile; fileRef = 66CCAF931837B11200AB5DA9 /* QBAnimationSequence.m */; };
		66CCAF9A1837B11200AB5DA9 /* RotateAnimation.m in Sources */ = {isa = PBXBuildFile; fileRef = 66CCAF951837B11200AB5DA9 /* RotateAnimation.m */; };
		66D1EDEA182DFDD6008F65E5 /* HAMRoom.m in Sources */ = {isa = PBXBuildFile; fileRef = 66D1EDE9182DFDD6008F65E5 /* HAMRoom.m */; };
		66D7E6BF17A0D19B00CB122D /* HAMConfig.m in Sources */ = {isa = PBXBuildFile; fileRef = 66D7E6BE17A0D19A00CB122D /* HAMConfig.m */; };
		66E66BD117A8FD4200F6177B /* bg.png in Resources */ = {isa = PBXBuildFile; fileRef = 66E66BD017A8FD4100F6177B /* bg.png */; };
		66E66BD317A90A9F00F6177B /* card.png in Resources */ = {isa = PBXBuildFile; fileRef = 66E66BD217A90A9F00F6177B /* card.png */; };
		66E66BD517A90AA200F6177B /* category.png in Resources */ = {isa = PBXBuildFile; fileRef = 66E66BD417A90AA200F6177B /* category.png */; };
		66E66BD717A9168E00F6177B /* CoreAudio.framework in Frameworks */ = {isa = PBXBuildFile; fileRef = 66E66BD617A9168D00F6177B /* CoreAudio.framework */; };
		66F9754917B799A300F94CAF /* HAMUserViewController.m in Sources */ = {isa = PBXBuildFile; fileRef = 66F9754717B799A300F94CAF /* HAMUserViewController.m */; };
		66F9754A17B799A300F94CAF /* HAMUserViewController.xib in Resources */ = {isa = PBXBuildFile; fileRef = 66F9754817B799A300F94CAF /* HAMUserViewController.xib */; };
/* End PBXBuildFile section */

/* Begin PBXFileReference section */
		6612626817AB7B0C0047AA9B /* QuartzCore.framework */ = {isa = PBXFileReference; lastKnownFileType = wrapper.framework; name = QuartzCore.framework; path = System/Library/Frameworks/QuartzCore.framework; sourceTree = SDKROOT; };
		6613011A17C1FA8B00903CA8 /* Settings.bundle */ = {isa = PBXFileReference; lastKnownFileType = "wrapper.plug-in"; path = Settings.bundle; sourceTree = "<group>"; };
		6632DF5B181AC2AD00A8EA03 /* HAMEditableGridViewTool.h */ = {isa = PBXFileReference; fileEncoding = 4; lastKnownFileType = sourcecode.c.h; name = HAMEditableGridViewTool.h; path = utils/HAMEditableGridViewTool.h; sourceTree = "<group>"; };
		6632DF5C181AC2AD00A8EA03 /* HAMEditableGridViewTool.m */ = {isa = PBXFileReference; fileEncoding = 4; lastKnownFileType = sourcecode.c.objc; name = HAMEditableGridViewTool.m; path = utils/HAMEditableGridViewTool.m; sourceTree = "<group>"; };
		6650B2D117D5CB3D00770C25 /* iosapp.entitlements */ = {isa = PBXFileReference; lastKnownFileType = text.xml; path = iosapp.entitlements; sourceTree = "<group>"; };
		6650B2D617D5D1D100770C25 /* citiao.png */ = {isa = PBXFileReference; lastKnownFileType = image.png; path = citiao.png; sourceTree = "<group>"; };
		6650B2D717D5D1D100770C25 /* fenlei.png */ = {isa = PBXFileReference; lastKnownFileType = image.png; path = fenlei.png; sourceTree = "<group>"; };
		6650B2D817D5D1D200770C25 /* quanbu.png */ = {isa = PBXFileReference; lastKnownFileType = image.png; path = quanbu.png; sourceTree = "<group>"; };
		6650B2E017D5D60000770C25 /* icon1.png */ = {isa = PBXFileReference; lastKnownFileType = image.png; name = icon1.png; path = ../icon1.png; sourceTree = "<group>"; };
		6650B2E217D5D60A00770C25 /* icon1_retina.png */ = {isa = PBXFileReference; lastKnownFileType = image.png; name = icon1_retina.png; path = ../icon1_retina.png; sourceTree = "<group>"; };
		6650B2E417D5D6C500770C25 /* nopic.png */ = {isa = PBXFileReference; lastKnownFileType = image.png; path = nopic.png; sourceTree = "<group>"; };
		6653A59C179E75E900A405B0 /* HAMSettingsViewController.h */ = {isa = PBXFileReference; fileEncoding = 4; lastKnownFileType = sourcecode.c.h; path = HAMSettingsViewController.h; sourceTree = "<group>"; };
		6653A59D179E75E900A405B0 /* HAMSettingsViewController.m */ = {isa = PBXFileReference; fileEncoding = 4; lastKnownFileType = sourcecode.c.objc; path = HAMSettingsViewController.m; sourceTree = "<group>"; };
		6653A59E179E75E900A405B0 /* HAMSettingsViewController.xib */ = {isa = PBXFileReference; fileEncoding = 4; lastKnownFileType = file.xib; path = HAMSettingsViewController.xib; sourceTree = "<group>"; };
		6653A5A2179E894B00A405B0 /* HAMFileTools.h */ = {isa = PBXFileReference; fileEncoding = 4; lastKnownFileType = sourcecode.c.h; name = HAMFileTools.h; path = utils/HAMFileTools.h; sourceTree = "<group>"; };
		6653A5A3179E894B00A405B0 /* HAMFileTools.m */ = {isa = PBXFileReference; fileEncoding = 4; lastKnownFileType = sourcecode.c.objc; name = HAMFileTools.m; path = utils/HAMFileTools.m; sourceTree = "<group>"; };
		6661048F178BB04A003AEE3D /* 小雨滴儿童版.app */ = {isa = PBXFileReference; explicitFileType = wrapper.application; includeInIndex = 0; path = "小雨滴儿童版.app"; sourceTree = BUILT_PRODUCTS_DIR; };
		66610492178BB04A003AEE3D /* UIKit.framework */ = {isa = PBXFileReference; lastKnownFileType = wrapper.framework; name = UIKit.framework; path = System/Library/Frameworks/UIKit.framework; sourceTree = SDKROOT; };
		66610494178BB04A003AEE3D /* Foundation.framework */ = {isa = PBXFileReference; lastKnownFileType = wrapper.framework; name = Foundation.framework; path = System/Library/Frameworks/Foundation.framework; sourceTree = SDKROOT; };
		66610496178BB04A003AEE3D /* CoreGraphics.framework */ = {isa = PBXFileReference; lastKnownFileType = wrapper.framework; name = CoreGraphics.framework; path = System/Library/Frameworks/CoreGraphics.framework; sourceTree = SDKROOT; };
		6661049A178BB04A003AEE3D /* iosapp-Info.plist */ = {isa = PBXFileReference; lastKnownFileType = text.plist.xml; path = "iosapp-Info.plist"; sourceTree = "<group>"; };
		6661049C178BB04A003AEE3D /* en */ = {isa = PBXFileReference; lastKnownFileType = text.plist.strings; name = en; path = en.lproj/InfoPlist.strings; sourceTree = "<group>"; };
		6661049E178BB04A003AEE3D /* main.m */ = {isa = PBXFileReference; lastKnownFileType = sourcecode.c.objc; path = main.m; sourceTree = "<group>"; };
		666104A0178BB04A003AEE3D /* iosapp-Prefix.pch */ = {isa = PBXFileReference; lastKnownFileType = sourcecode.c.h; path = "iosapp-Prefix.pch"; sourceTree = "<group>"; };
		666104A1178BB04A003AEE3D /* HAMAppDelegate.h */ = {isa = PBXFileReference; lastKnownFileType = sourcecode.c.h; path = HAMAppDelegate.h; sourceTree = "<group>"; };
		666104A2178BB04A003AEE3D /* HAMAppDelegate.m */ = {isa = PBXFileReference; lastKnownFileType = sourcecode.c.objc; path = HAMAppDelegate.m; sourceTree = "<group>"; };
		666104A4178BB04A003AEE3D /* Default.png */ = {isa = PBXFileReference; lastKnownFileType = image.png; path = Default.png; sourceTree = "<group>"; };
		666104A6178BB04A003AEE3D /* Default@2x.png */ = {isa = PBXFileReference; lastKnownFileType = image.png; path = "Default@2x.png"; sourceTree = "<group>"; };
		666104A8178BB04A003AEE3D /* Default-568h@2x.png */ = {isa = PBXFileReference; lastKnownFileType = image.png; path = "Default-568h@2x.png"; sourceTree = "<group>"; };
		666104AA178BB04A003AEE3D /* HAMViewController.h */ = {isa = PBXFileReference; lastKnownFileType = sourcecode.c.h; path = HAMViewController.h; sourceTree = "<group>"; };
		666104AB178BB04A003AEE3D /* HAMViewController.m */ = {isa = PBXFileReference; lastKnownFileType = sourcecode.c.objc; path = HAMViewController.m; sourceTree = "<group>"; };
		666104AE178BB04A003AEE3D /* en */ = {isa = PBXFileReference; lastKnownFileType = file.xib; name = en; path = en.lproj/HAMViewController_iPhone.xib; sourceTree = "<group>"; };
		666104B1178BB04A003AEE3D /* en */ = {isa = PBXFileReference; lastKnownFileType = file.xib; name = en; path = en.lproj/HAMViewController_iPad.xib; sourceTree = "<group>"; };
		667059231796A46900E3B156 /* AVFoundation.framework */ = {isa = PBXFileReference; lastKnownFileType = wrapper.framework; name = AVFoundation.framework; path = System/Library/Frameworks/AVFoundation.framework; sourceTree = SDKROOT; };
		667059251796A48C00E3B156 /* AVFoundation.framework */ = {isa = PBXFileReference; lastKnownFileType = wrapper.framework; path = AVFoundation.framework; sourceTree = "<group>"; };
		667E53B317A6132D00BBDE35 /* HAMEditNodeViewController.h */ = {isa = PBXFileReference; fileEncoding = 4; lastKnownFileType = sourcecode.c.h; path = HAMEditNodeViewController.h; sourceTree = "<group>"; };
		667E53B417A6132D00BBDE35 /* HAMEditNodeViewController.m */ = {isa = PBXFileReference; fileEncoding = 4; lastKnownFileType = sourcecode.c.objc; path = HAMEditNodeViewController.m; sourceTree = "<group>"; };
		667E53B517A6132D00BBDE35 /* HAMEditNodeViewController.xib */ = {isa = PBXFileReference; fileEncoding = 4; lastKnownFileType = file.xib; path = HAMEditNodeViewController.xib; sourceTree = "<group>"; };
		667E53B817A6319A00BBDE35 /* HAMDBManager.h */ = {isa = PBXFileReference; fileEncoding = 4; lastKnownFileType = sourcecode.c.h; name = HAMDBManager.h; path = utils/HAMDBManager.h; sourceTree = "<group>"; };
		667E53B917A6319A00BBDE35 /* HAMDBManager.m */ = {isa = PBXFileReference; fileEncoding = 4; lastKnownFileType = sourcecode.c.objc; name = HAMDBManager.m; path = utils/HAMDBManager.m; sourceTree = "<group>"; };
		667E53BB17A633DC00BBDE35 /* libsqlite3.dylib */ = {isa = PBXFileReference; lastKnownFileType = "compiled.mach-o.dylib"; name = libsqlite3.dylib; path = usr/lib/libsqlite3.dylib; sourceTree = SDKROOT; };
		667E53BD17A65BA600BBDE35 /* HAMCard.h */ = {isa = PBXFileReference; fileEncoding = 4; lastKnownFileType = sourcecode.c.h; name = HAMCard.h; path = datastructure/HAMCard.h; sourceTree = "<group>"; };
		667E53BE17A65BA600BBDE35 /* HAMCard.m */ = {isa = PBXFileReference; fileEncoding = 4; lastKnownFileType = sourcecode.c.objc; name = HAMCard.m; path = datastructure/HAMCard.m; sourceTree = "<group>"; };
		667E53C017A65C3100BBDE35 /* HAMResource.h */ = {isa = PBXFileReference; fileEncoding = 4; lastKnownFileType = sourcecode.c.h; name = HAMResource.h; path = datastructure/HAMResource.h; sourceTree = "<group>"; };
		667E53C117A65C3100BBDE35 /* HAMResource.m */ = {isa = PBXFileReference; fileEncoding = 4; lastKnownFileType = sourcecode.c.objc; name = HAMResource.m; path = datastructure/HAMResource.m; sourceTree = "<group>"; };
		6697BD93179F6FC2002E37E8 /* HAMStructureEditViewController.h */ = {isa = PBXFileReference; fileEncoding = 4; lastKnownFileType = sourcecode.c.h; name = HAMStructureEditViewController.h; path = settings/HAMStructureEditViewController.h; sourceTree = "<group>"; };
		6697BD94179F6FC2002E37E8 /* HAMStructureEditViewController.m */ = {isa = PBXFileReference; fileEncoding = 4; lastKnownFileType = sourcecode.c.objc; name = HAMStructureEditViewController.m; path = settings/HAMStructureEditViewController.m; sourceTree = "<group>"; };
		6697BD99179F8092002E37E8 /* HAMGridViewTool.h */ = {isa = PBXFileReference; fileEncoding = 4; lastKnownFileType = sourcecode.c.h; name = HAMGridViewTool.h; path = utils/HAMGridViewTool.h; sourceTree = "<group>"; };
		6697BD9A179F8092002E37E8 /* HAMGridViewTool.m */ = {isa = PBXFileReference; fileEncoding = 4; lastKnownFileType = sourcecode.c.objc; name = HAMGridViewTool.m; path = utils/HAMGridViewTool.m; sourceTree = "<group>"; };
		6697BD9C179F906F002E37E8 /* HAMViewInfo.h */ = {isa = PBXFileReference; fileEncoding = 4; lastKnownFileType = sourcecode.c.h; name = HAMViewInfo.h; path = datastructure/HAMViewInfo.h; sourceTree = "<group>"; };
		6697BD9D179F906F002E37E8 /* HAMViewInfo.m */ = {isa = PBXFileReference; fileEncoding = 4; lastKnownFileType = sourcecode.c.objc; name = HAMViewInfo.m; path = datastructure/HAMViewInfo.m; sourceTree = "<group>"; };
		6697BDA2179FB33A002E37E8 /* HAMStructureEditView.xib */ = {isa = PBXFileReference; fileEncoding = 4; lastKnownFileType = file.xib; path = HAMStructureEditView.xib; sourceTree = "<group>"; };
		6697BDA4179FB65E002E37E8 /* HAMViewTool.h */ = {isa = PBXFileReference; fileEncoding = 4; lastKnownFileType = sourcecode.c.h; name = HAMViewTool.h; path = utils/HAMViewTool.h; sourceTree = "<group>"; };
		6697BDA5179FB65E002E37E8 /* HAMViewTool.m */ = {isa = PBXFileReference; fileEncoding = 4; lastKnownFileType = sourcecode.c.objc; name = HAMViewTool.m; path = utils/HAMViewTool.m; sourceTree = "<group>"; };
		6697BDAF179FD7C0002E37E8 /* HAMNodeSelectorViewController.h */ = {isa = PBXFileReference; fileEncoding = 4; lastKnownFileType = sourcecode.c.h; name = HAMNodeSelectorViewController.h; path = settings/HAMNodeSelectorViewController.h; sourceTree = "<group>"; };
		6697BDB0179FD7C0002E37E8 /* HAMNodeSelectorViewController.m */ = {isa = PBXFileReference; fileEncoding = 4; lastKnownFileType = sourcecode.c.objc; name = HAMNodeSelectorViewController.m; path = settings/HAMNodeSelectorViewController.m; sourceTree = "<group>"; };
		6697BDB1179FD7C0002E37E8 /* HAMNodeSelectorViewController.xib */ = {isa = PBXFileReference; fileEncoding = 4; lastKnownFileType = file.xib; name = HAMNodeSelectorViewController.xib; path = settings/HAMNodeSelectorViewController.xib; sourceTree = "<group>"; };
		66AF427F17A7979E0053D560 /* HAMTools.h */ = {isa = PBXFileReference; fileEncoding = 4; lastKnownFileType = sourcecode.c.h; name = HAMTools.h; path = utils/HAMTools.h; sourceTree = "<group>"; };
		66AF428017A7979E0053D560 /* HAMTools.m */ = {isa = PBXFileReference; fileEncoding = 4; lastKnownFileType = sourcecode.c.objc; name = HAMTools.m; path = utils/HAMTools.m; sourceTree = "<group>"; };
		66CC303617B8DA3A008078A9 /* HAMUser.h */ = {isa = PBXFileReference; fileEncoding = 4; lastKnownFileType = sourcecode.c.h; name = HAMUser.h; path = datastructure/HAMUser.h; sourceTree = "<group>"; };
		66CC303717B8DA3A008078A9 /* HAMUser.m */ = {isa = PBXFileReference; fileEncoding = 4; lastKnownFileType = sourcecode.c.objc; name = HAMUser.m; path = datastructure/HAMUser.m; sourceTree = "<group>"; };
		66CC303B17B8FD23008078A9 /* HAMUserManager.h */ = {isa = PBXFileReference; fileEncoding = 4; lastKnownFileType = sourcecode.c.h; name = HAMUserManager.h; path = managers/HAMUserManager.h; sourceTree = "<group>"; };
		66CC303C17B8FD23008078A9 /* HAMUserManager.m */ = {isa = PBXFileReference; fileEncoding = 4; lastKnownFileType = sourcecode.c.objc; name = HAMUserManager.m; path = managers/HAMUserManager.m; sourceTree = "<group>"; };
		66CC961717B4BDE700DB3A57 /* SystemConfiguration.framework */ = {isa = PBXFileReference; lastKnownFileType = wrapper.framework; name = SystemConfiguration.framework; path = System/Library/Frameworks/SystemConfiguration.framework; sourceTree = SDKROOT; };
		66CC961917B4BFB900DB3A57 /* HAMSyncViewController.h */ = {isa = PBXFileReference; fileEncoding = 4; lastKnownFileType = sourcecode.c.h; name = HAMSyncViewController.h; path = settings/HAMSyncViewController.h; sourceTree = "<group>"; };
		66CC961A17B4BFB900DB3A57 /* HAMSyncViewController.m */ = {isa = PBXFileReference; fileEncoding = 4; lastKnownFileType = sourcecode.c.objc; name = HAMSyncViewController.m; path = settings/HAMSyncViewController.m; sourceTree = "<group>"; };
		66CC961B17B4BFB900DB3A57 /* HAMSyncViewController.xib */ = {isa = PBXFileReference; fileEncoding = 4; lastKnownFileType = file.xib; name = HAMSyncViewController.xib; path = settings/HAMSyncViewController.xib; sourceTree = "<group>"; };
		66CC961E17B4C30300DB3A57 /* Reachability.h */ = {isa = PBXFileReference; fileEncoding = 4; lastKnownFileType = sourcecode.c.h; name = Reachability.h; path = ../Reachability.h; sourceTree = "<group>"; };
		66CC961F17B4C30300DB3A57 /* Reachability.m */ = {isa = PBXFileReference; fileEncoding = 4; lastKnownFileType = sourcecode.c.objc; name = Reachability.m; path = ../Reachability.m; sourceTree = "<group>"; };
		66CC962117B4E7AD00DB3A57 /* HAMWebTool.h */ = {isa = PBXFileReference; fileEncoding = 4; lastKnownFileType = sourcecode.c.h; name = HAMWebTool.h; path = utils/HAMWebTool.h; sourceTree = "<group>"; };
		66CC962217B4E7AD00DB3A57 /* HAMWebTool.m */ = {isa = PBXFileReference; fileEncoding = 4; lastKnownFileType = sourcecode.c.objc; name = HAMWebTool.m; path = utils/HAMWebTool.m; sourceTree = "<group>"; };
		66CCAF8618376B3C00AB5DA9 /* HAMAnimation.h */ = {isa = PBXFileReference; fileEncoding = 4; lastKnownFileType = sourcecode.c.h; name = HAMAnimation.h; path = utils/HAMAnimation.h; sourceTree = "<group>"; };
		66CCAF8718376B3C00AB5DA9 /* HAMAnimation.m */ = {isa = PBXFileReference; fileEncoding = 4; lastKnownFileType = sourcecode.c.objc; name = HAMAnimation.m; path = utils/HAMAnimation.m; sourceTree = "<group>"; };
		66CCAF8C1837B11200AB5DA9 /* QBAnimationGroup.h */ = {isa = PBXFileReference; fileEncoding = 4; lastKnownFileType = sourcecode.c.h; path = QBAnimationGroup.h; sourceTree = "<group>"; };
		66CCAF8D1837B11200AB5DA9 /* QBAnimationGroup.m */ = {isa = PBXFileReference; fileEncoding = 4; lastKnownFileType = sourcecode.c.objc; path = QBAnimationGroup.m; sourceTree = "<group>"; };
		66CCAF8E1837B11200AB5DA9 /* QBAnimationItem.h */ = {isa = PBXFileReference; fileEncoding = 4; lastKnownFileType = sourcecode.c.h; path = QBAnimationItem.h; sourceTree = "<group>"; };
		66CCAF8F1837B11200AB5DA9 /* QBAnimationItem.m */ = {isa = PBXFileReference; fileEncoding = 4; lastKnownFileType = sourcecode.c.objc; path = QBAnimationItem.m; sourceTree = "<group>"; };
		66CCAF901837B11200AB5DA9 /* QBAnimationSequence-Info.plist */ = {isa = PBXFileReference; fileEncoding = 4; lastKnownFileType = text.plist.xml; path = "QBAnimationSequence-Info.plist"; sourceTree = "<group>"; };
		66CCAF911837B11200AB5DA9 /* QBAnimationSequence-Prefix.pch */ = {isa = PBXFileReference; fileEncoding = 4; lastKnownFileType = sourcecode.c.h; path = "QBAnimationSequence-Prefix.pch"; sourceTree = "<group>"; };
		66CCAF921837B11200AB5DA9 /* QBAnimationSequence.h */ = {isa = PBXFileReference; fileEncoding = 4; lastKnownFileType = sourcecode.c.h; path = QBAnimationSequence.h; sourceTree = "<group>"; };
		66CCAF931837B11200AB5DA9 /* QBAnimationSequence.m */ = {isa = PBXFileReference; fileEncoding = 4; lastKnownFileType = sourcecode.c.objc; path = QBAnimationSequence.m; sourceTree = "<group>"; };
		66CCAF941837B11200AB5DA9 /* RotateAnimation.h */ = {isa = PBXFileReference; fileEncoding = 4; lastKnownFileType = sourcecode.c.h; path = RotateAnimation.h; sourceTree = "<group>"; };
		66CCAF951837B11200AB5DA9 /* RotateAnimation.m */ = {isa = PBXFileReference; fileEncoding = 4; lastKnownFileType = sourcecode.c.objc; path = RotateAnimation.m; sourceTree = "<group>"; };
		66D1EDE8182DFDD6008F65E5 /* HAMRoom.h */ = {isa = PBXFileReference; fileEncoding = 4; lastKnownFileType = sourcecode.c.h; name = HAMRoom.h; path = datastructure/HAMRoom.h; sourceTree = "<group>"; };
		66D1EDE9182DFDD6008F65E5 /* HAMRoom.m */ = {isa = PBXFileReference; fileEncoding = 4; lastKnownFileType = sourcecode.c.objc; name = HAMRoom.m; path = datastructure/HAMRoom.m; sourceTree = "<group>"; };
		66D7E6BD17A0D19A00CB122D /* HAMConfig.h */ = {isa = PBXFileReference; fileEncoding = 4; lastKnownFileType = sourcecode.c.h; name = HAMConfig.h; path = managers/HAMConfig.h; sourceTree = "<group>"; };
		66D7E6BE17A0D19A00CB122D /* HAMConfig.m */ = {isa = PBXFileReference; fileEncoding = 4; lastKnownFileType = sourcecode.c.objc; name = HAMConfig.m; path = managers/HAMConfig.m; sourceTree = "<group>"; };
		66E66BD017A8FD4100F6177B /* bg.png */ = {isa = PBXFileReference; lastKnownFileType = image.png; path = bg.png; sourceTree = "<group>"; };
		66E66BD217A90A9F00F6177B /* card.png */ = {isa = PBXFileReference; lastKnownFileType = image.png; path = card.png; sourceTree = "<group>"; };
		66E66BD417A90AA200F6177B /* category.png */ = {isa = PBXFileReference; lastKnownFileType = image.png; path = category.png; sourceTree = "<group>"; };
		66E66BD617A9168D00F6177B /* CoreAudio.framework */ = {isa = PBXFileReference; lastKnownFileType = wrapper.framework; name = CoreAudio.framework; path = System/Library/Frameworks/CoreAudio.framework; sourceTree = SDKROOT; };
		66F9754617B799A300F94CAF /* HAMUserViewController.h */ = {isa = PBXFileReference; fileEncoding = 4; lastKnownFileType = sourcecode.c.h; name = HAMUserViewController.h; path = settings/HAMUserViewController.h; sourceTree = "<group>"; };
		66F9754717B799A300F94CAF /* HAMUserViewController.m */ = {isa = PBXFileReference; fileEncoding = 4; lastKnownFileType = sourcecode.c.objc; name = HAMUserViewController.m; path = settings/HAMUserViewController.m; sourceTree = "<group>"; };
		66F9754817B799A300F94CAF /* HAMUserViewController.xib */ = {isa = PBXFileReference; fileEncoding = 4; lastKnownFileType = file.xib; name = HAMUserViewController.xib; path = settings/HAMUserViewController.xib; sourceTree = "<group>"; };
/* End PBXFileReference section */

/* Begin PBXFrameworksBuildPhase section */
		6661048C178BB04A003AEE3D /* Frameworks */ = {
			isa = PBXFrameworksBuildPhase;
			buildActionMask = 2147483647;
			files = (
				66E66BD717A9168E00F6177B /* CoreAudio.framework in Frameworks */,
				667E53BC17A633DC00BBDE35 /* libsqlite3.dylib in Frameworks */,
				667059241796A46900E3B156 /* AVFoundation.framework in Frameworks */,
				66610493178BB04A003AEE3D /* UIKit.framework in Frameworks */,
				66610495178BB04A003AEE3D /* Foundation.framework in Frameworks */,
				66CC961817B4BDE700DB3A57 /* SystemConfiguration.framework in Frameworks */,
				66610497178BB04A003AEE3D /* CoreGraphics.framework in Frameworks */,
				6612626917AB7B0C0047AA9B /* QuartzCore.framework in Frameworks */,
				667059261796A48C00E3B156 /* AVFoundation.framework in Frameworks */,
			);
			runOnlyForDeploymentPostprocessing = 0;
		};
/* End PBXFrameworksBuildPhase section */

/* Begin PBXGroup section */
		6613011917C1FA6800903CA8 /* supports */ = {
			isa = PBXGroup;
			children = (
				6650B2D117D5CB3D00770C25 /* iosapp.entitlements */,
				6613011A17C1FA8B00903CA8 /* Settings.bundle */,
			);
			name = supports;
			sourceTree = "<group>";
		};
		6625E0501797E4DE009E1CBB /* datastructure */ = {
			isa = PBXGroup;
			children = (
				66AF427E17A7683F0053D560 /* h */,
				667E53BE17A65BA600BBDE35 /* HAMCard.m */,
				667E53C117A65C3100BBDE35 /* HAMResource.m */,
				66CC303717B8DA3A008078A9 /* HAMUser.m */,
				66D1EDE9182DFDD6008F65E5 /* HAMRoom.m */,
			);
			name = datastructure;
			sourceTree = "<group>";
		};
		6653A5A1179E890E00A405B0 /* utils */ = {
			isa = PBXGroup;
			children = (
				66AF427D17A768310053D560 /* h */,
				6697BD9D179F906F002E37E8 /* HAMViewInfo.m */,
				6653A5A3179E894B00A405B0 /* HAMFileTools.m */,
				6697BD9A179F8092002E37E8 /* HAMGridViewTool.m */,
				6697BDA5179FB65E002E37E8 /* HAMViewTool.m */,
				667E53B917A6319A00BBDE35 /* HAMDBManager.m */,
				66AF428017A7979E0053D560 /* HAMTools.m */,
				66CC961F17B4C30300DB3A57 /* Reachability.m */,
				66CC962217B4E7AD00DB3A57 /* HAMWebTool.m */,
				6632DF5C181AC2AD00A8EA03 /* HAMEditableGridViewTool.m */,
				66CCAF8718376B3C00AB5DA9 /* HAMAnimation.m */,
			);
			name = utils;
			sourceTree = "<group>";
		};
		66610486178BB04A003AEE3D = {
			isa = PBXGroup;
			children = (
				66610498178BB04A003AEE3D /* iosapp */,
				66610491178BB04A003AEE3D /* Frameworks */,
				66610490178BB04A003AEE3D /* Products */,
			);
			sourceTree = "<group>";
		};
		66610490178BB04A003AEE3D /* Products */ = {
			isa = PBXGroup;
			children = (
				6661048F178BB04A003AEE3D /* 小雨滴儿童版.app */,
			);
			name = Products;
			sourceTree = "<group>";
		};
		66610491178BB04A003AEE3D /* Frameworks */ = {
			isa = PBXGroup;
			children = (
				667E53BB17A633DC00BBDE35 /* libsqlite3.dylib */,
				66CC961717B4BDE700DB3A57 /* SystemConfiguration.framework */,
				6612626817AB7B0C0047AA9B /* QuartzCore.framework */,
				66E66BD617A9168D00F6177B /* CoreAudio.framework */,
				667059231796A46900E3B156 /* AVFoundation.framework */,
				667059251796A48C00E3B156 /* AVFoundation.framework */,
				66610492178BB04A003AEE3D /* UIKit.framework */,
				66610494178BB04A003AEE3D /* Foundation.framework */,
				66610496178BB04A003AEE3D /* CoreGraphics.framework */,
			);
			name = Frameworks;
			sourceTree = "<group>";
		};
		66610498178BB04A003AEE3D /* iosapp */ = {
			isa = PBXGroup;
			children = (
				66CCAF8A1837B11200AB5DA9 /* lib */,
				6613011917C1FA6800903CA8 /* supports */,
				6697BD98179F6FC7002E37E8 /* settings */,
				6653A5A1179E890E00A405B0 /* utils */,
				66CC303917B8FC9B008078A9 /* managers */,
				6625E0501797E4DE009E1CBB /* datastructure */,
				666104A1178BB04A003AEE3D /* HAMAppDelegate.h */,
				666104A2178BB04A003AEE3D /* HAMAppDelegate.m */,
				666104AA178BB04A003AEE3D /* HAMViewController.h */,
				666104AB178BB04A003AEE3D /* HAMViewController.m */,
				666104AD178BB04A003AEE3D /* HAMViewController_iPhone.xib */,
				666104B0178BB04A003AEE3D /* HAMViewController_iPad.xib */,
				66610499178BB04A003AEE3D /* Supporting Files */,
			);
			path = iosapp;
			sourceTree = "<group>";
		};
		66610499178BB04A003AEE3D /* Supporting Files */ = {
			isa = PBXGroup;
			children = (
				6650B2E417D5D6C500770C25 /* nopic.png */,
				6650B2E217D5D60A00770C25 /* icon1_retina.png */,
				6650B2E017D5D60000770C25 /* icon1.png */,
				6650B2D617D5D1D100770C25 /* citiao.png */,
				6650B2D717D5D1D100770C25 /* fenlei.png */,
				6650B2D817D5D1D200770C25 /* quanbu.png */,
				66E66BD017A8FD4100F6177B /* bg.png */,
				66E66BD217A90A9F00F6177B /* card.png */,
				66E66BD417A90AA200F6177B /* category.png */,
				6661049A178BB04A003AEE3D /* iosapp-Info.plist */,
				6661049B178BB04A003AEE3D /* InfoPlist.strings */,
				6661049E178BB04A003AEE3D /* main.m */,
				666104A0178BB04A003AEE3D /* iosapp-Prefix.pch */,
				666104A4178BB04A003AEE3D /* Default.png */,
				666104A6178BB04A003AEE3D /* Default@2x.png */,
				666104A8178BB04A003AEE3D /* Default-568h@2x.png */,
			);
			name = "Supporting Files";
			sourceTree = "<group>";
		};
		6697BD98179F6FC7002E37E8 /* settings */ = {
			isa = PBXGroup;
			children = (
				66AF427C17A7681E0053D560 /* h */,
				66F9754717B799A300F94CAF /* HAMUserViewController.m */,
				66F9754817B799A300F94CAF /* HAMUserViewController.xib */,
				6697BD94179F6FC2002E37E8 /* HAMStructureEditViewController.m */,
				6697BDA2179FB33A002E37E8 /* HAMStructureEditView.xib */,
				6653A59D179E75E900A405B0 /* HAMSettingsViewController.m */,
				6653A59E179E75E900A405B0 /* HAMSettingsViewController.xib */,
				6697BDB0179FD7C0002E37E8 /* HAMNodeSelectorViewController.m */,
				6697BDB1179FD7C0002E37E8 /* HAMNodeSelectorViewController.xib */,
				667E53B417A6132D00BBDE35 /* HAMEditNodeViewController.m */,
				667E53B517A6132D00BBDE35 /* HAMEditNodeViewController.xib */,
				66CC961A17B4BFB900DB3A57 /* HAMSyncViewController.m */,
				66CC961B17B4BFB900DB3A57 /* HAMSyncViewController.xib */,
			);
			name = settings;
			sourceTree = "<group>";
		};
		66AF427C17A7681E0053D560 /* h */ = {
			isa = PBXGroup;
			children = (
				6697BD93179F6FC2002E37E8 /* HAMStructureEditViewController.h */,
				66CC961917B4BFB900DB3A57 /* HAMSyncViewController.h */,
				6653A59C179E75E900A405B0 /* HAMSettingsViewController.h */,
				6697BDAF179FD7C0002E37E8 /* HAMNodeSelectorViewController.h */,
				667E53B317A6132D00BBDE35 /* HAMEditNodeViewController.h */,
				66F9754617B799A300F94CAF /* HAMUserViewController.h */,
			);
			name = h;
			sourceTree = "<group>";
		};
		66AF427D17A768310053D560 /* h */ = {
			isa = PBXGroup;
			children = (
				6632DF5B181AC2AD00A8EA03 /* HAMEditableGridViewTool.h */,
				66CC961E17B4C30300DB3A57 /* Reachability.h */,
				66AF427F17A7979E0053D560 /* HAMTools.h */,
				6697BD9C179F906F002E37E8 /* HAMViewInfo.h */,
				6653A5A2179E894B00A405B0 /* HAMFileTools.h */,
				6697BD99179F8092002E37E8 /* HAMGridViewTool.h */,
				6697BDA4179FB65E002E37E8 /* HAMViewTool.h */,
				667E53B817A6319A00BBDE35 /* HAMDBManager.h */,
				66CC962117B4E7AD00DB3A57 /* HAMWebTool.h */,
				66CCAF8618376B3C00AB5DA9 /* HAMAnimation.h */,
			);
			name = h;
			sourceTree = "<group>";
		};
		66AF427E17A7683F0053D560 /* h */ = {
			isa = PBXGroup;
			children = (
				667E53BD17A65BA600BBDE35 /* HAMCard.h */,
				667E53C017A65C3100BBDE35 /* HAMResource.h */,
				66CC303617B8DA3A008078A9 /* HAMUser.h */,
				66D1EDE8182DFDD6008F65E5 /* HAMRoom.h */,
			);
			name = h;
			sourceTree = "<group>";
		};
		66CC303917B8FC9B008078A9 /* managers */ = {
			isa = PBXGroup;
			children = (
				66CC303A17B8FCB6008078A9 /* h */,
				66D7E6BE17A0D19A00CB122D /* HAMConfig.m */,
				66CC303C17B8FD23008078A9 /* HAMUserManager.m */,
			);
			name = managers;
			sourceTree = "<group>";
		};
		66CC303A17B8FCB6008078A9 /* h */ = {
			isa = PBXGroup;
			children = (
				66D7E6BD17A0D19A00CB122D /* HAMConfig.h */,
				66CC303B17B8FD23008078A9 /* HAMUserManager.h */,
			);
			name = h;
			sourceTree = "<group>";
		};
		66CCAF8A1837B11200AB5DA9 /* lib */ = {
			isa = PBXGroup;
			children = (
				66CCAF8B1837B11200AB5DA9 /* animationLib */,
			);
			path = lib;
			sourceTree = "<group>";
		};
		66CCAF8B1837B11200AB5DA9 /* animationLib */ = {
			isa = PBXGroup;
			children = (
				66CCAF8C1837B11200AB5DA9 /* QBAnimationGroup.h */,
				66CCAF8D1837B11200AB5DA9 /* QBAnimationGroup.m */,
				66CCAF8E1837B11200AB5DA9 /* QBAnimationItem.h */,
				66CCAF8F1837B11200AB5DA9 /* QBAnimationItem.m */,
				66CCAF901837B11200AB5DA9 /* QBAnimationSequence-Info.plist */,
				66CCAF911837B11200AB5DA9 /* QBAnimationSequence-Prefix.pch */,
				66CCAF921837B11200AB5DA9 /* QBAnimationSequence.h */,
				66CCAF931837B11200AB5DA9 /* QBAnimationSequence.m */,
				66CCAF941837B11200AB5DA9 /* RotateAnimation.h */,
				66CCAF951837B11200AB5DA9 /* RotateAnimation.m */,
			);
			path = animationLib;
			sourceTree = "<group>";
		};
/* End PBXGroup section */

/* Begin PBXNativeTarget section */
		6661048E178BB04A003AEE3D /* iosapp */ = {
			isa = PBXNativeTarget;
			buildConfigurationList = 666104B5178BB04A003AEE3D /* Build configuration list for PBXNativeTarget "iosapp" */;
			buildPhases = (
				6661048B178BB04A003AEE3D /* Sources */,
				6661048C178BB04A003AEE3D /* Frameworks */,
				6661048D178BB04A003AEE3D /* Resources */,
			);
			buildRules = (
			);
			dependencies = (
			);
			name = iosapp;
			productName = iosapp;
			productReference = 6661048F178BB04A003AEE3D /* 小雨滴儿童版.app */;
			productType = "com.apple.product-type.application";
		};
/* End PBXNativeTarget section */

/* Begin PBXProject section */
		66610487178BB04A003AEE3D /* Project object */ = {
			isa = PBXProject;
			attributes = {
				CLASSPREFIX = HAM;
				LastUpgradeCheck = 0460;
				ORGANIZATIONNAME = Droplings;
				TargetAttributes = {
					6661048E178BB04A003AEE3D = {
						DevelopmentTeam = ZPE72C64SR;
					};
				};
			};
			buildConfigurationList = 6661048A178BB04A003AEE3D /* Build configuration list for PBXProject "iosapp" */;
			compatibilityVersion = "Xcode 3.2";
			developmentRegion = English;
			hasScannedForEncodings = 0;
			knownRegions = (
				en,
			);
			mainGroup = 66610486178BB04A003AEE3D;
			productRefGroup = 66610490178BB04A003AEE3D /* Products */;
			projectDirPath = "";
			projectRoot = "";
			targets = (
				6661048E178BB04A003AEE3D /* iosapp */,
			);
		};
/* End PBXProject section */

/* Begin PBXResourcesBuildPhase section */
		6661048D178BB04A003AEE3D /* Resources */ = {
			isa = PBXResourcesBuildPhase;
			buildActionMask = 2147483647;
			files = (
				6661049D178BB04A003AEE3D /* InfoPlist.strings in Resources */,
				666104A5178BB04A003AEE3D /* Default.png in Resources */,
				66CCAF981837B11200AB5DA9 /* QBAnimationSequence-Info.plist in Resources */,
				666104A7178BB04A003AEE3D /* Default@2x.png in Resources */,
				666104A9178BB04A003AEE3D /* Default-568h@2x.png in Resources */,
				666104AF178BB04A003AEE3D /* HAMViewController_iPhone.xib in Resources */,
				666104B2178BB04A003AEE3D /* HAMViewController_iPad.xib in Resources */,
				6653A5A0179E75E900A405B0 /* HAMSettingsViewController.xib in Resources */,
				6697BDA3179FB33A002E37E8 /* HAMStructureEditView.xib in Resources */,
				6697BDB3179FD7C0002E37E8 /* HAMNodeSelectorViewController.xib in Resources */,
				667E53B717A6132D00BBDE35 /* HAMEditNodeViewController.xib in Resources */,
				66E66BD117A8FD4200F6177B /* bg.png in Resources */,
				66E66BD317A90A9F00F6177B /* card.png in Resources */,
				66E66BD517A90AA200F6177B /* category.png in Resources */,
				66CC961D17B4BFB900DB3A57 /* HAMSyncViewController.xib in Resources */,
				66F9754A17B799A300F94CAF /* HAMUserViewController.xib in Resources */,
				6613011B17C1FA8B00903CA8 /* Settings.bundle in Resources */,
				6650B2D917D5D1D200770C25 /* citiao.png in Resources */,
				6650B2DA17D5D1D200770C25 /* fenlei.png in Resources */,
				6650B2DB17D5D1D200770C25 /* quanbu.png in Resources */,
				6650B2E117D5D60000770C25 /* icon1.png in Resources */,
				6650B2E317D5D60A00770C25 /* icon1_retina.png in Resources */,
				6650B2E517D5D6C500770C25 /* nopic.png in Resources */,
			);
			runOnlyForDeploymentPostprocessing = 0;
		};
/* End PBXResourcesBuildPhase section */

/* Begin PBXSourcesBuildPhase section */
		6661048B178BB04A003AEE3D /* Sources */ = {
			isa = PBXSourcesBuildPhase;
			buildActionMask = 2147483647;
			files = (
				6661049F178BB04A003AEE3D /* main.m in Sources */,
				6632DF5D181AC2AD00A8EA03 /* HAMEditableGridViewTool.m in Sources */,
				666104A3178BB04A003AEE3D /* HAMAppDelegate.m in Sources */,
				666104AC178BB04A003AEE3D /* HAMViewController.m in Sources */,
				6653A59F179E75E900A405B0 /* HAMSettingsViewController.m in Sources */,
				6653A5A4179E894B00A405B0 /* HAMFileTools.m in Sources */,
				6697BD96179F6FC2002E37E8 /* HAMStructureEditViewController.m in Sources */,
				6697BD9B179F8092002E37E8 /* HAMGridViewTool.m in Sources */,
				6697BD9E179F906F002E37E8 /* HAMViewInfo.m in Sources */,
				6697BDA6179FB65E002E37E8 /* HAMViewTool.m in Sources */,
				66CCAF971837B11200AB5DA9 /* QBAnimationItem.m in Sources */,
				6697BDB2179FD7C0002E37E8 /* HAMNodeSelectorViewController.m in Sources */,
				66CCAF8818376B3C00AB5DA9 /* HAMAnimation.m in Sources */,
				66D7E6BF17A0D19B00CB122D /* HAMConfig.m in Sources */,
				667E53B617A6132D00BBDE35 /* HAMEditNodeViewController.m in Sources */,
				667E53BA17A6319A00BBDE35 /* HAMDBManager.m in Sources */,
				66CCAF991837B11200AB5DA9 /* QBAnimationSequence.m in Sources */,
				66CCAF9A1837B11200AB5DA9 /* RotateAnimation.m in Sources */,
				667E53BF17A65BA600BBDE35 /* HAMCard.m in Sources */,
				667E53C217A65C3100BBDE35 /* HAMResource.m in Sources */,
				66D1EDEA182DFDD6008F65E5 /* HAMRoom.m in Sources */,
				66AF428117A7979E0053D560 /* HAMTools.m in Sources */,
				66CC961C17B4BFB900DB3A57 /* HAMSyncViewController.m in Sources */,
				66CC962017B4C30400DB3A57 /* Reachability.m in Sources */,
				66CC962317B4E7AD00DB3A57 /* HAMWebTool.m in Sources */,
				66F9754917B799A300F94CAF /* HAMUserViewController.m in Sources */,
				66CC303817B8DA3A008078A9 /* HAMUser.m in Sources */,
				66CC303D17B8FD23008078A9 /* HAMUserManager.m in Sources */,
				66CCAF961837B11200AB5DA9 /* QBAnimationGroup.m in Sources */,
			);
			runOnlyForDeploymentPostprocessing = 0;
		};
/* End PBXSourcesBuildPhase section */

/* Begin PBXVariantGroup section */
		6661049B178BB04A003AEE3D /* InfoPlist.strings */ = {
			isa = PBXVariantGroup;
			children = (
				6661049C178BB04A003AEE3D /* en */,
			);
			name = InfoPlist.strings;
			sourceTree = "<group>";
		};
		666104AD178BB04A003AEE3D /* HAMViewController_iPhone.xib */ = {
			isa = PBXVariantGroup;
			children = (
				666104AE178BB04A003AEE3D /* en */,
			);
			name = HAMViewController_iPhone.xib;
			sourceTree = "<group>";
		};
		666104B0178BB04A003AEE3D /* HAMViewController_iPad.xib */ = {
			isa = PBXVariantGroup;
			children = (
				666104B1178BB04A003AEE3D /* en */,
			);
			name = HAMViewController_iPad.xib;
			sourceTree = "<group>";
		};
/* End PBXVariantGroup section */

/* Begin XCBuildConfiguration section */
		666104B3178BB04A003AEE3D /* Debug */ = {
			isa = XCBuildConfiguration;
			buildSettings = {
				ALWAYS_SEARCH_USER_PATHS = NO;
				CLANG_CXX_LANGUAGE_STANDARD = "gnu++0x";
				CLANG_CXX_LIBRARY = "libc++";
				CLANG_ENABLE_OBJC_ARC = YES;
				CLANG_WARN_CONSTANT_CONVERSION = YES;
				CLANG_WARN_EMPTY_BODY = YES;
				CLANG_WARN_ENUM_CONVERSION = YES;
				CLANG_WARN_INT_CONVERSION = YES;
				CLANG_WARN__DUPLICATE_METHOD_MATCH = YES;
				"CODE_SIGN_IDENTITY[sdk=iphoneos*]" = "iPhone Developer";
				COPY_PHASE_STRIP = NO;
				GCC_C_LANGUAGE_STANDARD = gnu99;
				GCC_DYNAMIC_NO_PIC = NO;
				GCC_OPTIMIZATION_LEVEL = 0;
				GCC_PREPROCESSOR_DEFINITIONS = (
					"DEBUG=1",
					"$(inherited)",
				);
				GCC_SYMBOLS_PRIVATE_EXTERN = NO;
				GCC_WARN_ABOUT_RETURN_TYPE = YES;
				GCC_WARN_UNINITIALIZED_AUTOS = YES;
				GCC_WARN_UNUSED_VARIABLE = YES;
				IPHONEOS_DEPLOYMENT_TARGET = 5.0;
				ONLY_ACTIVE_ARCH = YES;
				SDKROOT = iphoneos;
				TARGETED_DEVICE_FAMILY = "1,2";
			};
			name = Debug;
		};
		666104B4178BB04A003AEE3D /* Release */ = {
			isa = XCBuildConfiguration;
			buildSettings = {
				ALWAYS_SEARCH_USER_PATHS = NO;
				CLANG_CXX_LANGUAGE_STANDARD = "gnu++0x";
				CLANG_CXX_LIBRARY = "libc++";
				CLANG_ENABLE_OBJC_ARC = YES;
				CLANG_WARN_CONSTANT_CONVERSION = YES;
				CLANG_WARN_EMPTY_BODY = YES;
				CLANG_WARN_ENUM_CONVERSION = YES;
				CLANG_WARN_INT_CONVERSION = YES;
				CLANG_WARN__DUPLICATE_METHOD_MATCH = YES;
				"CODE_SIGN_IDENTITY[sdk=iphoneos*]" = "iPhone Developer";
				COPY_PHASE_STRIP = YES;
				GCC_C_LANGUAGE_STANDARD = gnu99;
				GCC_WARN_ABOUT_RETURN_TYPE = YES;
				GCC_WARN_UNINITIALIZED_AUTOS = YES;
				GCC_WARN_UNUSED_VARIABLE = YES;
				IPHONEOS_DEPLOYMENT_TARGET = 5.0;
				OTHER_CFLAGS = "-DNS_BLOCK_ASSERTIONS=1";
				SDKROOT = iphoneos;
				TARGETED_DEVICE_FAMILY = "1,2";
				VALIDATE_PRODUCT = YES;
			};
			name = Release;
		};
		666104B6178BB04A003AEE3D /* Debug */ = {
			isa = XCBuildConfiguration;
			buildSettings = {
				ALWAYS_SEARCH_USER_PATHS = NO;
				CODE_SIGN_IDENTITY = "iPhone Developer";
				"CODE_SIGN_IDENTITY[sdk=iphoneos*]" = "iPhone Developer";
				FRAMEWORK_SEARCH_PATHS = "";
				GCC_PRECOMPILE_PREFIX_HEADER = YES;
				GCC_PREFIX_HEADER = "iosapp/iosapp-Prefix.pch";
				INFOPLIST_FILE = "iosapp/iosapp-Info.plist";
				IPHONEOS_DEPLOYMENT_TARGET = 5.0;
				PRODUCT_NAME = "小雨滴儿童版";
				PROVISIONING_PROFILE = "";
				WRAPPER_EXTENSION = app;
			};
			name = Debug;
		};
		666104B7178BB04A003AEE3D /* Release */ = {
			isa = XCBuildConfiguration;
			buildSettings = {
				ALWAYS_SEARCH_USER_PATHS = NO;
				CODE_SIGN_IDENTITY = "iPhone Developer";
				"CODE_SIGN_IDENTITY[sdk=iphoneos*]" = "iPhone Developer";
				FRAMEWORK_SEARCH_PATHS = "";
				GCC_PRECOMPILE_PREFIX_HEADER = YES;
				GCC_PREFIX_HEADER = "iosapp/iosapp-Prefix.pch";
				INFOPLIST_FILE = "iosapp/iosapp-Info.plist";
				IPHONEOS_DEPLOYMENT_TARGET = 5.0;
				PRODUCT_NAME = "小雨滴儿童版";
				PROVISIONING_PROFILE = "";
				WRAPPER_EXTENSION = app;
			};
			name = Release;
		};
/* End XCBuildConfiguration section */

/* Begin XCConfigurationList section */
		6661048A178BB04A003AEE3D /* Build configuration list for PBXProject "iosapp" */ = {
			isa = XCConfigurationList;
			buildConfigurations = (
				666104B3178BB04A003AEE3D /* Debug */,
				666104B4178BB04A003AEE3D /* Release */,
			);
			defaultConfigurationIsVisible = 0;
			defaultConfigurationName = Release;
		};
		666104B5178BB04A003AEE3D /* Build configuration list for PBXNativeTarget "iosapp" */ = {
			isa = XCConfigurationList;
			buildConfigurations = (
				666104B6178BB04A003AEE3D /* Debug */,
				666104B7178BB04A003AEE3D /* Release */,
			);
			defaultConfigurationIsVisible = 0;
			defaultConfigurationName = Release;
		};
/* End XCConfigurationList section */
	};
	rootObject = 66610487178BB04A003AEE3D /* Project object */;
}
